
Microsoft Visual Studio Solution File, Format Version 12.00
# Visual Studio 14
VisualStudioVersion = 14.0.25420.1
MinimumVisualStudioVersion = 10.0.40219.1
Project("{FAE04EC0-301F-11D3-BF4B-00C04F79EFBC}") = "AdelDevkit", "AdelDevkit\AdelDevkit.csproj", "{40355C67-9083-47F5-8F44-517393F5697D}"
EndProject
Project("{FAE04EC0-301F-11D3-BF4B-00C04F79EFBC}") = "AdelStudio", "AdelStudio\AdelStudio.csproj", "{8B028F5A-7E10-4963-8189-3732DD0FDA98}"
EndProject
Project("{8BC9CEB8-8B4A-11D0-8D11-00A0C91BC942}") = "AdelEngineNative", "AdelEngineNative\AdelEngineNative.vcxproj", "{62269DCB-0754-4D1C-8401-36052EB2946B}"
EndProject
Project("{FAE04EC0-301F-11D3-BF4B-00C04F79EFBC}") = "AdelEngineScript", "AdelEngineScript\AdelEngineScript.csproj", "{DCB343DA-F5F2-43B3-A7A2-F4D1034E9573}"
EndProject
Global
	GlobalSection(SolutionConfigurationPlatforms) = preSolution
		Debug|Default = Debug|Default
		Release|Default = Release|Default
	EndGlobalSection
	GlobalSection(ProjectConfigurationPlatforms) = postSolution
		{40355C67-9083-47F5-8F44-517393F5697D}.Debug|Default.ActiveCfg = Debug|Any CPU
		{40355C67-9083-47F5-8F44-517393F5697D}.Debug|Default.Build.0 = Debug|Any CPU
		{40355C67-9083-47F5-8F44-517393F5697D}.Release|Default.ActiveCfg = Release|Any CPU
		{40355C67-9083-47F5-8F44-517393F5697D}.Release|Default.Build.0 = Release|Any CPU
		{8B028F5A-7E10-4963-8189-3732DD0FDA98}.Debug|Default.ActiveCfg = Debug|Any CPU
		{8B028F5A-7E10-4963-8189-3732DD0FDA98}.Debug|Default.Build.0 = Debug|Any CPU
		{8B028F5A-7E10-4963-8189-3732DD0FDA98}.Release|Default.ActiveCfg = Release|Any CPU
		{8B028F5A-7E10-4963-8189-3732DD0FDA98}.Release|Default.Build.0 = Release|Any CPU
		{62269DCB-0754-4D1C-8401-36052EB2946B}.Debug|Default.ActiveCfg = Debug|x64
		{62269DCB-0754-4D1C-8401-36052EB2946B}.Debug|Default.Build.0 = Debug|x64
		{62269DCB-0754-4D1C-8401-36052EB2946B}.Release|Default.ActiveCfg = Release|x64
		{62269DCB-0754-4D1C-8401-36052EB2946B}.Release|Default.Build.0 = Release|x64
		{DCB343DA-F5F2-43B3-A7A2-F4D1034E9573}.Debug|Default.ActiveCfg = Debug|Any CPU
		{DCB343DA-F5F2-43B3-A7A2-F4D1034E9573}.Debug|Default.Build.0 = Debug|Any CPU
		{DCB343DA-F5F2-43B3-A7A2-F4D1034E9573}.Release|Default.ActiveCfg = Release|Any CPU
		{DCB343DA-F5F2-43B3-A7A2-F4D1034E9573}.Release|Default.Build.0 = Release|Any CPU
	EndGlobalSection
	GlobalSection(SolutionProperties) = preSolution
		HideSolutionNode = FALSE
	EndGlobalSection
EndGlobal
