// !$*UTF8*$!
{
    archiveVersion = 1;
    classes = {
    };
    objectVersion = 46;
    objects = {

/* Begin PBXBuildFile section */
        0000000100000000017D303E /* Default-568h@2x.png in Resources */ = { isa = PBXBuildFile; fileRef = 0000000C00000000006AB532 /* Default-568h@2x.png */; };
        0000000100000000009C43C1 /* LinkOnly.m in Sources */ = { isa = PBXBuildFile; fileRef = 0000000C00000000007048E0 /* LinkOnly.m */; };
        000000010000000001717041 /* CoreGraphics.framework in Frameworks */ = { isa = PBXBuildFile; fileRef = 0000000C0000000003870F20 /* CoreGraphics.framework */; };
        000000010000000000FCF24B /* QuartzCore.framework in Frameworks */ = { isa = PBXBuildFile; fileRef = 0000000C0000000003BF8826 /* QuartzCore.framework */; };
        000000010000000000E484A5 /* UIKit.framework in Frameworks */ = { isa = PBXBuildFile; fileRef = 0000000C0000000001BBC959 /* UIKit.framework */; };
        00000001000000000008A9D0 /* AdelDev_Ios_ForDev_AeLib.a in Frameworks */ = { isa = PBXBuildFile; fileRef = 000000130000000002BDBB06 /* AdelDev_Ios_ForDev_AeLib.a */; };
/* End PBXBuildFile section */

/* Begin PBXContainerItemProxy section */
        0000000B0000000000AB933B /* PBXContainerItemProxy */ = {
            isa = PBXContainerItemProxy;
            containerPortal = 0000000C0000000001C354D3 /* AdelDev_Ios_ForDev_AeLib.xcodeproj */;
            proxyType = 2;
            remoteGlobalIDString = 0000000C000000000223FBA4;
            remoteInfo = AdelDev_Ios_ForDev_AeLib;
        };
/* End PBXContainerItemProxy section */

/* Begin PBXFileReference section */
        0000000C0000000000F19571 /* AdelDev_Ios_ForDev.app */ = { isa = PBXFileReference; explicitFileType = wrapper.application;includeInIndex = 0;path = AdelDev_Ios_ForDev.app;sourceTree = BUILT_PRODUCTS_DIR;        };
        0000000C00000000007048E0 /* LinkOnly.m */ = { isa = PBXFileReference; lastKnownFileType = sourcecode.c.objc;name = LinkOnly.m;path = "Source/LinkOnly.m";sourceTree = SOURCE_ROOT;        };
        0000000C0000000003870F20 /* CoreGraphics.framework */ = { isa = PBXFileReference; lastKnownFileType = wrapper.framework;name = CoreGraphics.framework;path = "System/Library/Frameworks/CoreGraphics.framework";sourceTree = SDKROOT;        };
        0000000C0000000003BF8826 /* QuartzCore.framework */ = { isa = PBXFileReference; lastKnownFileType = wrapper.framework;name = QuartzCore.framework;path = "System/Library/Frameworks/QuartzCore.framework";sourceTree = SDKROOT;        };
        0000000C0000000001BBC959 /* UIKit.framework */ = { isa = PBXFileReference; lastKnownFileType = wrapper.framework;name = UIKit.framework;path = "System/Library/Frameworks/UIKit.framework";sourceTree = SDKROOT;        };
        0000000C00000000006AB532 /* Default-568h@2x.png */ = { isa = PBXFileReference; lastKnownFileType = image.png;name = "Default-568h@2x.png";path = "../DevelopResource/AdelDevProject/Setting/Ios/LaunchImage/Default-568h@2x.png";sourceTree = SOURCE_ROOT;        };
        0000000C0000000001C354D3 /* AdelDev_Ios_ForDev_AeLib.xcodeproj */ = { isa = PBXFileReference; lastKnownFileType = "wrapper.pb-project";name = AdelDev_Ios_ForDev_AeLib.xcodeproj;path = AdelDev_Ios_ForDev_AeLib.xcodeproj;sourceTree = SOURCE_ROOT;        };
/* End PBXFileReference section */

/* Begin PBXFrameworksBuildPhase section */
        0000000500000000017E61CE /* Frameworks */ = {
            isa = PBXFrameworksBuildPhase;
            buildActionMask = 2147483647;
            files = (
                000000010000000001717041 /* CoreGraphics.framework in Frameworks */,
                000000010000000000FCF24B /* QuartzCore.framework in Frameworks */,
                000000010000000000E484A5 /* UIKit.framework in Frameworks */,
                00000001000000000008A9D0 /* AdelDev_Ios_ForDev_AeLib.a in Frameworks */,
            );
            runOnlyForDeploymentPostprocessing = 0;
        };
/* End PBXFrameworksBuildPhase section */

/* Begin PBXGroup section */
        0000000D00000000013F082A /*  */ = {
            isa = PBXGroup;
            children = (
                0000000D000000000337497E /* Products */,
                0000000D00000000007E40FC /* Sources */,
                0000000D0000000003F28FE7 /* Frameworks */,
                0000000D00000000039A1422 /* LaunchImages */,
                0000000D0000000003C05EC2 /* OtherProjects */,
            );
            sourceTree = "<group>";
        };
        0000000D000000000337497E /* Products */ = {
            isa = PBXGroup;
            children = (
                0000000C0000000000F19571 /* AdelDev_Ios_ForDev.app */,
            );
            name = Products;
            sourceTree = "<group>";
        };
        0000000D00000000007E40FC /* Sources */ = {
            isa = PBXGroup;
            children = (
                0000000C00000000007048E0 /* LinkOnly.m */,
            );
            name = Sources;
            sourceTree = "<group>";
        };
        0000000D0000000003F28FE7 /* Frameworks */ = {
            isa = PBXGroup;
            children = (
                0000000C0000000003870F20 /* CoreGraphics.framework */,
                0000000C0000000003BF8826 /* QuartzCore.framework */,
                0000000C0000000001BBC959 /* UIKit.framework */,
            );
            name = Frameworks;
            sourceTree = "<group>";
        };
        0000000D00000000039A1422 /* LaunchImages */ = {
            isa = PBXGroup;
            children = (
                0000000C00000000006AB532 /* Default-568h@2x.png */,
            );
            name = LaunchImages;
            sourceTree = "<group>";
        };
        0000000D0000000003C05EC2 /* OtherProjects */ = {
            isa = PBXGroup;
            children = (
                0000000C0000000001C354D3 /* AdelDev_Ios_ForDev_AeLib.xcodeproj */,
            );
            name = OtherProjects;
            sourceTree = "<group>";
        };
        0000000D00000000004DF856 /* AdelDev_Ios_ForDev_AeLib Products */ = {
            isa = PBXGroup;
            children = (
                000000130000000002BDBB06 /* AdelDev_Ios_ForDev_AeLib.a */,
            );
            name = "AdelDev_Ios_ForDev_AeLib Products";
            sourceTree = "<group>";
        };
/* End PBXGroup section */

/* Begin PBXNativeTarget section */
        000000110000000003DDFB6E /* AdelDev_Ios_ForDev */ = {
            isa = PBXNativeTarget;
            buildConfigurationList = 000000170000000002CDD6E5 /* Build configuration list for PBXNativeTarget "AdelDev_Ios_ForDev" */;
            buildPhases = (
                0000000700000000009C21CE /* Resources */,
                00000009000000000166B231 /* Sources */,
                0000000500000000017E61CE /* Frameworks */,
            );
            buildRules = (
            );
            dependencies = (
            );
            name = AdelDev_Ios_ForDev;
            productInstallPath = "$(HOME)/Applications";
            productName = AdelDev_Ios_ForDev;
            productReference = 0000000C0000000000F19571 /* AdelDev_Ios_ForDev.app */;
            productType = "com.apple.product-type.application";
        };
/* End PBXNativeTarget section */

/* Begin PBXProject section */
        0000001200000000031B8922 /* PBXProject */ = {
            isa = PBXProject;
            buildConfigurationList = 000000170000000003F7D238 /* Build configuration list for PBXProject "PBXProject" */;
            compatibilityVersion = "Xcode 3.2";
            developmentRegion = Japanese;
            hasScannedForEncodings = 1;
            knownRegions = (
                jp,
                en,
                Base,
            );
            mainGroup = 0000000D00000000013F082A /*  */;
            productRefGroup = 0000000D000000000337497E /* Products */;
            projectDirPath = "";
            projectReferences = (
                {
                    ProductGroup = 0000000D00000000004DF856 /* AdelDev_Ios_ForDev_AeLib Products */;
                    ProjectRef = 0000000C0000000001C354D3 /* AdelDev_Ios_ForDev_AeLib.xcodeproj */;
                },
            );
            projectRoot = "";
            targets = (
                000000110000000003DDFB6E /* AdelDev_Ios_ForDev */,
            );
        };
/* End PBXProject section */

/* Begin PBXReferenceProxy section */
        000000130000000002BDBB06 /* AdelDev_Ios_ForDev_AeLib.a */ = {
            isa = PBXReferenceProxy;
            fileType = archive.ar;
            path = AdelDev_Ios_ForDev_AeLib.a;
            remoteRef = 0000000B0000000000AB933B /* PBXContainerItemProxy */;
            sourceTree = BUILT_PRODUCTS_DIR;
        };
/* End PBXReferenceProxy section */

/* Begin PBXResourcesBuildPhase section */
        0000000700000000009C21CE /* Resources */ = {
            isa = PBXResourcesBuildPhase;
            buildActionMask = 2147483647;
            files = (
                0000000100000000017D303E /* Default-568h@2x.png in Resources */,
            );
            runOnlyForDeploymentPostprocessing = 0;
        };
/* End PBXResourcesBuildPhase section */

/* Begin PBXSourcesBuildPhase section */
        00000009000000000166B231 /* Sources */ = {
            isa = PBXSourcesBuildPhase;
            buildActionMask = 2147483647;
            files = (
                0000000100000000009C43C1 /* LinkOnly.m in Sources */,
            );
            runOnlyForDeploymentPostprocessing = 0;
        };
/* End PBXSourcesBuildPhase section */

/* Begin XCBuildConfiguration section */
        000000160000000003B663FE /* Debug */ = {
            isa = XCBuildConfiguration;
            buildSettings = {
                ALWAYS_SEARCH_USER_PATHS = NO;
                CLANG_ANALYZER_LOCALIZABILITY_NONLOCALIZED = YES;
                CLANG_ANALYZER_NONNULL = YES;
                CLANG_CXX_LANGUAGE_STANDARD = "gnu++0x";
                CLANG_CXX_LIBRARY = "libc++";
                CLANG_WARN_BOOL_CONVERSION = YES;
                CLANG_WARN_CONSTANT_CONVERSION = YES;
                CLANG_WARN_DIRECT_OBJC_ISA_USAGE = YES_ERROR;
                CLANG_WARN_EMPTY_BODY = YES;
                CLANG_WARN_ENUM_CONVERSION = YES;
                CLANG_WARN_INFINITE_RECURSION = YES;
                CLANG_WARN_INT_CONVERSION = YES;
                CLANG_WARN_OBJC_ROOT_CLASS = YES;
                CLANG_WARN_SUSPICIOUS_MOVE = YES;
                CLANG_WARN_UNREACHABLE_CODE = NO;
                CLANG_WARN__DUPLICATE_METHOD_MATCH = YES;
                "CODE_SIGN_IDENTITY[sdk=iphoneos*]" = "iPhone Developer";
                COPY_PHASE_STRIP = NO;
                DEBUG_INFORMATION_FORMAT = "dwarf-with-dsym";
                ENABLE_STRICT_OBJC_MSGSEND = YES;
                GCC_C_LANGUAGE_STANDARD = gnu99;
                GCC_NO_COMMON_BLOCKS = YES;
                GCC_WARN_64_TO_32_BIT_CONVERSION = YES;
                GCC_WARN_ABOUT_RETURN_TYPE = YES;
                GCC_WARN_UNDECLARED_SELECTOR = YES;
                GCC_WARN_UNINITIALIZED_AUTOS = YES;
                GCC_WARN_UNUSED_FUNCTION = NO;
                GCC_WARN_UNUSED_VARIABLE = YES;
                PRECOMPS_INCLUDE_HEADERS_FROM_BUILT_PRODUCTS_DIR = YES;
                RUN_CLANG_STATIC_ANALYZER = YES;
                IPHONEOS_DEPLOYMENT_TARGET = 10.2;
                SDKROOT = iphoneos;
                HEADER_SEARCH_PATHS = (
                    "$(PROJECT_DIR)/Source",
                    "$(PROJECT_DIR)/../../AdelEngine/AdelEngineNative/Source",
                );
                TARGETED_DEVICE_FAMILY = "1,2";
                ENABLE_TESTABILITY = YES;
                MTL_ENABLE_DEBUG_INFO = YES;
                ONLY_ACTIVE_ARCH = YES;
                GCC_OPTIMIZATION_LEVEL = 0;
                GCC_PREPROCESSOR_DEFINITIONS = (
                    AE_LIBRARY_DEBUG,
                    "DEBUG=1",
                    "$(inherited)",
                );
            };
            name = Debug;
        };
        0000001600000000016983F6 /* Develop */ = {
            isa = XCBuildConfiguration;
            buildSettings = {
                ALWAYS_SEARCH_USER_PATHS = NO;
                CLANG_ANALYZER_LOCALIZABILITY_NONLOCALIZED = YES;
                CLANG_ANALYZER_NONNULL = YES;
                CLANG_CXX_LANGUAGE_STANDARD = "gnu++0x";
                CLANG_CXX_LIBRARY = "libc++";
                CLANG_WARN_BOOL_CONVERSION = YES;
                CLANG_WARN_CONSTANT_CONVERSION = YES;
                CLANG_WARN_DIRECT_OBJC_ISA_USAGE = YES_ERROR;
                CLANG_WARN_EMPTY_BODY = YES;
                CLANG_WARN_ENUM_CONVERSION = YES;
                CLANG_WARN_INFINITE_RECURSION = YES;
                CLANG_WARN_INT_CONVERSION = YES;
                CLANG_WARN_OBJC_ROOT_CLASS = YES;
                CLANG_WARN_SUSPICIOUS_MOVE = YES;
                CLANG_WARN_UNREACHABLE_CODE = NO;
                CLANG_WARN__DUPLICATE_METHOD_MATCH = YES;
                "CODE_SIGN_IDENTITY[sdk=iphoneos*]" = "iPhone Developer";
                COPY_PHASE_STRIP = NO;
                DEBUG_INFORMATION_FORMAT = "dwarf-with-dsym";
                ENABLE_STRICT_OBJC_MSGSEND = YES;
                GCC_C_LANGUAGE_STANDARD = gnu99;
                GCC_NO_COMMON_BLOCKS = YES;
                GCC_WARN_64_TO_32_BIT_CONVERSION = YES;
                GCC_WARN_ABOUT_RETURN_TYPE = YES;
                GCC_WARN_UNDECLARED_SELECTOR = YES;
                GCC_WARN_UNINITIALIZED_AUTOS = YES;
                GCC_WARN_UNUSED_FUNCTION = NO;
                GCC_WARN_UNUSED_VARIABLE = YES;
                PRECOMPS_INCLUDE_HEADERS_FROM_BUILT_PRODUCTS_DIR = YES;
                RUN_CLANG_STATIC_ANALYZER = YES;
                IPHONEOS_DEPLOYMENT_TARGET = 10.2;
                SDKROOT = iphoneos;
                HEADER_SEARCH_PATHS = (
                    "$(PROJECT_DIR)/Source",
                    "$(PROJECT_DIR)/../../AdelEngine/AdelEngineNative/Source",
                );
                TARGETED_DEVICE_FAMILY = "1,2";
                MTL_ENABLE_DEBUG_INFO = YES;
                ONLY_ACTIVE_ARCH = YES;
                GCC_PREPROCESSOR_DEFINITIONS = (
                    AE_LIBRARY_DEVELOP,
                    "$(inherited)",
                );
            };
            name = Develop;
        };
        000000160000000000B5A3A7 /* Inspect */ = {
            isa = XCBuildConfiguration;
            buildSettings = {
                ALWAYS_SEARCH_USER_PATHS = NO;
                CLANG_ANALYZER_LOCALIZABILITY_NONLOCALIZED = YES;
                CLANG_ANALYZER_NONNULL = YES;
                CLANG_CXX_LANGUAGE_STANDARD = "gnu++0x";
                CLANG_CXX_LIBRARY = "libc++";
                CLANG_WARN_BOOL_CONVERSION = YES;
                CLANG_WARN_CONSTANT_CONVERSION = YES;
                CLANG_WARN_DIRECT_OBJC_ISA_USAGE = YES_ERROR;
                CLANG_WARN_EMPTY_BODY = YES;
                CLANG_WARN_ENUM_CONVERSION = YES;
                CLANG_WARN_INFINITE_RECURSION = YES;
                CLANG_WARN_INT_CONVERSION = YES;
                CLANG_WARN_OBJC_ROOT_CLASS = YES;
                CLANG_WARN_SUSPICIOUS_MOVE = YES;
                CLANG_WARN_UNREACHABLE_CODE = NO;
                CLANG_WARN__DUPLICATE_METHOD_MATCH = YES;
                "CODE_SIGN_IDENTITY[sdk=iphoneos*]" = "iPhone Developer";
                COPY_PHASE_STRIP = NO;
                DEBUG_INFORMATION_FORMAT = "dwarf-with-dsym";
                ENABLE_STRICT_OBJC_MSGSEND = YES;
                GCC_C_LANGUAGE_STANDARD = gnu99;
                GCC_NO_COMMON_BLOCKS = YES;
                GCC_WARN_64_TO_32_BIT_CONVERSION = YES;
                GCC_WARN_ABOUT_RETURN_TYPE = YES;
                GCC_WARN_UNDECLARED_SELECTOR = YES;
                GCC_WARN_UNINITIALIZED_AUTOS = YES;
                GCC_WARN_UNUSED_FUNCTION = NO;
                GCC_WARN_UNUSED_VARIABLE = YES;
                PRECOMPS_INCLUDE_HEADERS_FROM_BUILT_PRODUCTS_DIR = YES;
                RUN_CLANG_STATIC_ANALYZER = YES;
                IPHONEOS_DEPLOYMENT_TARGET = 10.2;
                SDKROOT = iphoneos;
                HEADER_SEARCH_PATHS = (
                    "$(PROJECT_DIR)/Source",
                    "$(PROJECT_DIR)/../../AdelEngine/AdelEngineNative/Source",
                );
                TARGETED_DEVICE_FAMILY = "1,2";
                MTL_ENABLE_DEBUG_INFO = YES;
                GCC_PREPROCESSOR_DEFINITIONS = (
                    AE_LIBRARY_INSPECT,
                    "$(inherited)",
                );
            };
            name = Inspect;
        };
        00000016000000000262C0E4 /* Preview */ = {
            isa = XCBuildConfiguration;
            buildSettings = {
                ALWAYS_SEARCH_USER_PATHS = NO;
                CLANG_ANALYZER_LOCALIZABILITY_NONLOCALIZED = YES;
                CLANG_ANALYZER_NONNULL = YES;
                CLANG_CXX_LANGUAGE_STANDARD = "gnu++0x";
                CLANG_CXX_LIBRARY = "libc++";
                CLANG_WARN_BOOL_CONVERSION = YES;
                CLANG_WARN_CONSTANT_CONVERSION = YES;
                CLANG_WARN_DIRECT_OBJC_ISA_USAGE = YES_ERROR;
                CLANG_WARN_EMPTY_BODY = YES;
                CLANG_WARN_ENUM_CONVERSION = YES;
                CLANG_WARN_INFINITE_RECURSION = YES;
                CLANG_WARN_INT_CONVERSION = YES;
                CLANG_WARN_OBJC_ROOT_CLASS = YES;
                CLANG_WARN_SUSPICIOUS_MOVE = YES;
                CLANG_WARN_UNREACHABLE_CODE = NO;
                CLANG_WARN__DUPLICATE_METHOD_MATCH = YES;
                "CODE_SIGN_IDENTITY[sdk=iphoneos*]" = "iPhone Developer";
                COPY_PHASE_STRIP = NO;
                DEBUG_INFORMATION_FORMAT = "dwarf-with-dsym";
                ENABLE_STRICT_OBJC_MSGSEND = YES;
                GCC_C_LANGUAGE_STANDARD = gnu99;
                GCC_NO_COMMON_BLOCKS = YES;
                GCC_WARN_64_TO_32_BIT_CONVERSION = YES;
                GCC_WARN_ABOUT_RETURN_TYPE = YES;
                GCC_WARN_UNDECLARED_SELECTOR = YES;
                GCC_WARN_UNINITIALIZED_AUTOS = YES;
                GCC_WARN_UNUSED_FUNCTION = NO;
                GCC_WARN_UNUSED_VARIABLE = YES;
                PRECOMPS_INCLUDE_HEADERS_FROM_BUILT_PRODUCTS_DIR = YES;
                RUN_CLANG_STATIC_ANALYZER = YES;
                IPHONEOS_DEPLOYMENT_TARGET = 10.2;
                SDKROOT = iphoneos;
                HEADER_SEARCH_PATHS = (
                    "$(PROJECT_DIR)/Source",
                    "$(PROJECT_DIR)/../../AdelEngine/AdelEngineNative/Source",
                );
                TARGETED_DEVICE_FAMILY = "1,2";
                MTL_ENABLE_DEBUG_INFO = NO;
                GCC_PREPROCESSOR_DEFINITIONS = (
                    AE_LIBRARY_PREVIEW,
                    "$(inherited)",
                );
            };
            name = Preview;
        };
        00000016000000000178C804 /* Release */ = {
            isa = XCBuildConfiguration;
            buildSettings = {
                ALWAYS_SEARCH_USER_PATHS = NO;
                CLANG_ANALYZER_LOCALIZABILITY_NONLOCALIZED = YES;
                CLANG_ANALYZER_NONNULL = YES;
                CLANG_CXX_LANGUAGE_STANDARD = "gnu++0x";
                CLANG_CXX_LIBRARY = "libc++";
                CLANG_WARN_BOOL_CONVERSION = YES;
                CLANG_WARN_CONSTANT_CONVERSION = YES;
                CLANG_WARN_DIRECT_OBJC_ISA_USAGE = YES_ERROR;
                CLANG_WARN_EMPTY_BODY = YES;
                CLANG_WARN_ENUM_CONVERSION = YES;
                CLANG_WARN_INFINITE_RECURSION = YES;
                CLANG_WARN_INT_CONVERSION = YES;
                CLANG_WARN_OBJC_ROOT_CLASS = YES;
                CLANG_WARN_SUSPICIOUS_MOVE = YES;
                CLANG_WARN_UNREACHABLE_CODE = NO;
                CLANG_WARN__DUPLICATE_METHOD_MATCH = YES;
                "CODE_SIGN_IDENTITY[sdk=iphoneos*]" = "iPhone Developer";
                COPY_PHASE_STRIP = NO;
                DEBUG_INFORMATION_FORMAT = "dwarf-with-dsym";
                ENABLE_STRICT_OBJC_MSGSEND = YES;
                GCC_C_LANGUAGE_STANDARD = gnu99;
                GCC_NO_COMMON_BLOCKS = YES;
                GCC_WARN_64_TO_32_BIT_CONVERSION = YES;
                GCC_WARN_ABOUT_RETURN_TYPE = YES;
                GCC_WARN_UNDECLARED_SELECTOR = YES;
                GCC_WARN_UNINITIALIZED_AUTOS = YES;
                GCC_WARN_UNUSED_FUNCTION = NO;
                GCC_WARN_UNUSED_VARIABLE = YES;
                PRECOMPS_INCLUDE_HEADERS_FROM_BUILT_PRODUCTS_DIR = YES;
                RUN_CLANG_STATIC_ANALYZER = YES;
                IPHONEOS_DEPLOYMENT_TARGET = 10.2;
                SDKROOT = iphoneos;
                HEADER_SEARCH_PATHS = (
                    "$(PROJECT_DIR)/Source",
                    "$(PROJECT_DIR)/../../AdelEngine/AdelEngineNative/Source",
                );
                TARGETED_DEVICE_FAMILY = "1,2";
                MTL_ENABLE_DEBUG_INFO = NO;
                GCC_PREPROCESSOR_DEFINITIONS = (
                    AE_LIBRARY_RELEASE,
                    "$(inherited)",
                );
            };
            name = Release;
        };
        0000001600000000013C8E0F /* Debug */ = {
            isa = XCBuildConfiguration;
            buildSettings = {
                ASSETCATALOG_COMPILER_APPICON_NAME = AppIcon;
                INFOPLIST_FILE = "$(PROJECT_DIR)/../DevelopResource/AdelDevProject/Setting/Ios/Info.plist";
                LD_RUNPATH_SEARCH_PATHS = "$(inherited) @executable_path/../Frameworks";
                OTHER_LDFLAGS = (
                    "-lc++",
                    "-ObjC",
                );
                PRODUCT_BUNDLE_IDENTIFIER = org.MyApp;
                PRODUCT_NAME = "$(TARGET_NAME)";
            };
            name = Debug;
        };
        00000016000000000320FE8F /* Develop */ = {
            isa = XCBuildConfiguration;
            buildSettings = {
                ASSETCATALOG_COMPILER_APPICON_NAME = AppIcon;
                INFOPLIST_FILE = "$(PROJECT_DIR)/../DevelopResource/AdelDevProject/Setting/Ios/Info.plist";
                LD_RUNPATH_SEARCH_PATHS = "$(inherited) @executable_path/../Frameworks";
                OTHER_LDFLAGS = (
                    "-lc++",
                    "-ObjC",
                );
                PRODUCT_BUNDLE_IDENTIFIER = org.MyApp;
                PRODUCT_NAME = "$(TARGET_NAME)";
            };
            name = Develop;
        };
        00000016000000000028F30D /* Inspect */ = {
            isa = XCBuildConfiguration;
            buildSettings = {
                ASSETCATALOG_COMPILER_APPICON_NAME = AppIcon;
                INFOPLIST_FILE = "$(PROJECT_DIR)/../DevelopResource/AdelDevProject/Setting/Ios/Info.plist";
                LD_RUNPATH_SEARCH_PATHS = "$(inherited) @executable_path/../Frameworks";
                OTHER_LDFLAGS = (
                    "-lc++",
                    "-ObjC",
                );
                PRODUCT_BUNDLE_IDENTIFIER = org.MyApp;
                PRODUCT_NAME = "$(TARGET_NAME)";
            };
            name = Inspect;
        };
        000000160000000001708B7A /* Preview */ = {
            isa = XCBuildConfiguration;
            buildSettings = {
                ASSETCATALOG_COMPILER_APPICON_NAME = AppIcon;
                INFOPLIST_FILE = "$(PROJECT_DIR)/../DevelopResource/AdelDevProject/Setting/Ios/Info.plist";
                LD_RUNPATH_SEARCH_PATHS = "$(inherited) @executable_path/../Frameworks";
                OTHER_LDFLAGS = (
                    "-lc++",
                    "-ObjC",
                );
                PRODUCT_BUNDLE_IDENTIFIER = org.MyApp;
                PRODUCT_NAME = "$(TARGET_NAME)";
            };
            name = Preview;
        };
        000000160000000000F4E74F /* Release */ = {
            isa = XCBuildConfiguration;
            buildSettings = {
                ASSETCATALOG_COMPILER_APPICON_NAME = AppIcon;
                INFOPLIST_FILE = "$(PROJECT_DIR)/../DevelopResource/AdelDevProject/Setting/Ios/Info.plist";
                LD_RUNPATH_SEARCH_PATHS = "$(inherited) @executable_path/../Frameworks";
                OTHER_LDFLAGS = (
                    "-lc++",
                    "-ObjC",
                );
                PRODUCT_BUNDLE_IDENTIFIER = org.MyApp;
                PRODUCT_NAME = "$(TARGET_NAME)";
            };
            name = Release;
        };
/* End XCBuildConfiguration section */

/* Begin XCConfigurationList section */
        000000170000000003F7D238 /* Build configuration list for PBXProject "PBXProject" */ = {
            isa = XCConfigurationList;
            buildConfigurations = (
                000000160000000003B663FE /* Debug */,
                0000001600000000016983F6 /* Develop */,
                000000160000000000B5A3A7 /* Inspect */,
                00000016000000000262C0E4 /* Preview */,
                00000016000000000178C804 /* Release */,
            );
            defaultConfigurationIsVisible = 0;
            defaultConfigurationName = Debug;
        };
        000000170000000002CDD6E5 /* Build configuration list for PBXNativeTarget "AdelDev_Ios_ForDev" */ = {
            isa = XCConfigurationList;
            buildConfigurations = (
                0000001600000000013C8E0F /* Debug */,
                00000016000000000320FE8F /* Develop */,
                00000016000000000028F30D /* Inspect */,
                000000160000000001708B7A /* Preview */,
                000000160000000000F4E74F /* Release */,
            );
            defaultConfigurationIsVisible = 0;
            defaultConfigurationName = Debug;
        };
/* End XCConfigurationList section */

    };
    rootObject = 0000001200000000031B8922 /* PBXProject */;
}
