
Microsoft Visual Studio Solution File, Format Version 12.00
# Visual Studio Version 16
VisualStudioVersion = 16.0.30225.117
MinimumVisualStudioVersion = 10.0.40219.1
Project("{8BC9CEB8-8B4A-11D0-8D11-00A0C91BC942}") = "AeVulkanLib", "AeVulkanLib\AeVulkanLib.vcxproj", "{CA9C183D-3C72-48F7-B123-75FB9FB4932B}"
EndProject
Project("{8BC9CEB8-8B4A-11D0-8D11-00A0C91BC942}") = "AeVulkan01", "AeVulkan01\AeVulkan01.vcxproj", "{5989AC16-D33B-4E52-89BD-B6E8BB081251}"
	ProjectSection(ProjectDependencies) = postProject
		{CA9C183D-3C72-48F7-B123-75FB9FB4932B} = {CA9C183D-3C72-48F7-B123-75FB9FB4932B}
	EndProjectSection
EndProject
Project("{8BC9CEB8-8B4A-11D0-8D11-00A0C91BC942}") = "AeVulkan02", "AeVulkan02\AeVulkan02.vcxproj", "{F1F0EB12-5E96-4422-99BE-BA7B64360335}"
EndProject
Project("{8BC9CEB8-8B4A-11D0-8D11-00A0C91BC942}") = "AeVulkan03", "AeVulkan03\AeVulkan03.vcxproj", "{45159D6B-AB1E-4EAD-8C09-86AF855F97BE}"
EndProject
Project("{8BC9CEB8-8B4A-11D0-8D11-00A0C91BC942}") = "AeVulkan04", "AeVulkan04\AeVulkan04.vcxproj", "{53A31382-2337-4368-86EE-188C8B219DD6}"
EndProject
Project("{8BC9CEB8-8B4A-11D0-8D11-00A0C91BC942}") = "AeVulkan05", "AeVulkan05\AeVulkan05.vcxproj", "{87A6EB2B-969F-46EC-8E30-608BD2F05054}"
EndProject
Project("{8BC9CEB8-8B4A-11D0-8D11-00A0C91BC942}") = "AeVulkan06", "AeVulkan06\AeVulkan06.vcxproj", "{8044D3F1-1FE9-4E82-B3FD-E6CA9510096D}"
EndProject
Global
	GlobalSection(SolutionConfigurationPlatforms) = preSolution
		Debug|x64 = Debug|x64
		Release|x64 = Release|x64
	EndGlobalSection
	GlobalSection(ProjectConfigurationPlatforms) = postSolution
		{CA9C183D-3C72-48F7-B123-75FB9FB4932B}.Debug|x64.ActiveCfg = Debug|x64
		{CA9C183D-3C72-48F7-B123-75FB9FB4932B}.Debug|x64.Build.0 = Debug|x64
		{CA9C183D-3C72-48F7-B123-75FB9FB4932B}.Release|x64.ActiveCfg = Release|x64
		{CA9C183D-3C72-48F7-B123-75FB9FB4932B}.Release|x64.Build.0 = Release|x64
		{5989AC16-D33B-4E52-89BD-B6E8BB081251}.Debug|x64.ActiveCfg = Debug|x64
		{5989AC16-D33B-4E52-89BD-B6E8BB081251}.Debug|x64.Build.0 = Debug|x64
		{5989AC16-D33B-4E52-89BD-B6E8BB081251}.Release|x64.ActiveCfg = Release|x64
		{5989AC16-D33B-4E52-89BD-B6E8BB081251}.Release|x64.Build.0 = Release|x64
		{F1F0EB12-5E96-4422-99BE-BA7B64360335}.Debug|x64.ActiveCfg = Debug|x64
		{F1F0EB12-5E96-4422-99BE-BA7B64360335}.Debug|x64.Build.0 = Debug|x64
		{F1F0EB12-5E96-4422-99BE-BA7B64360335}.Release|x64.ActiveCfg = Release|x64
		{F1F0EB12-5E96-4422-99BE-BA7B64360335}.Release|x64.Build.0 = Release|x64
		{45159D6B-AB1E-4EAD-8C09-86AF855F97BE}.Debug|x64.ActiveCfg = Debug|x64
		{45159D6B-AB1E-4EAD-8C09-86AF855F97BE}.Debug|x64.Build.0 = Debug|x64
		{45159D6B-AB1E-4EAD-8C09-86AF855F97BE}.Release|x64.ActiveCfg = Release|x64
		{45159D6B-AB1E-4EAD-8C09-86AF855F97BE}.Release|x64.Build.0 = Release|x64
		{53A31382-2337-4368-86EE-188C8B219DD6}.Debug|x64.ActiveCfg = Debug|x64
		{53A31382-2337-4368-86EE-188C8B219DD6}.Debug|x64.Build.0 = Debug|x64
		{53A31382-2337-4368-86EE-188C8B219DD6}.Release|x64.ActiveCfg = Release|x64
		{53A31382-2337-4368-86EE-188C8B219DD6}.Release|x64.Build.0 = Release|x64
		{87A6EB2B-969F-46EC-8E30-608BD2F05054}.Debug|x64.ActiveCfg = Debug|x64
		{87A6EB2B-969F-46EC-8E30-608BD2F05054}.Debug|x64.Build.0 = Debug|x64
		{87A6EB2B-969F-46EC-8E30-608BD2F05054}.Release|x64.ActiveCfg = Release|x64
		{87A6EB2B-969F-46EC-8E30-608BD2F05054}.Release|x64.Build.0 = Release|x64
		{8044D3F1-1FE9-4E82-B3FD-E6CA9510096D}.Debug|x64.ActiveCfg = Debug|x64
		{8044D3F1-1FE9-4E82-B3FD-E6CA9510096D}.Debug|x64.Build.0 = Debug|x64
		{8044D3F1-1FE9-4E82-B3FD-E6CA9510096D}.Release|x64.ActiveCfg = Release|x64
		{8044D3F1-1FE9-4E82-B3FD-E6CA9510096D}.Release|x64.Build.0 = Release|x64
	EndGlobalSection
	GlobalSection(SolutionProperties) = preSolution
		HideSolutionNode = FALSE
	EndGlobalSection
	GlobalSection(ExtensibilityGlobals) = postSolution
		SolutionGuid = {904705AC-B7CB-4A87-B805-21B11DE99F61}
	EndGlobalSection
EndGlobal
