
Microsoft Visual Studio Solution File, Format Version 12.00
# Visual Studio Version 16
VisualStudioVersion = 16.0.31624.102
MinimumVisualStudioVersion = 10.0.40219.1
Project("{FAE04EC0-301F-11D3-BF4B-00C04F79EFBC}") = "BinaryToHeader", "BinaryToHeader.csproj", "{8EAA03D9-4B69-459B-A457-01AB35D1D235}"
EndProject
Global
	GlobalSection(SolutionConfigurationPlatforms) = preSolution
		Debug|Any CPU = Debug|Any CPU
		Release|Any CPU = Release|Any CPU
	EndGlobalSection
	GlobalSection(ProjectConfigurationPlatforms) = postSolution
		{8EAA03D9-4B69-459B-A457-01AB35D1D235}.Debug|Any CPU.ActiveCfg = Debug|Any CPU
		{8EAA03D9-4B69-459B-A457-01AB35D1D235}.Debug|Any CPU.Build.0 = Debug|Any CPU
		{8EAA03D9-4B69-459B-A457-01AB35D1D235}.Release|Any CPU.ActiveCfg = Release|Any CPU
		{8EAA03D9-4B69-459B-A457-01AB35D1D235}.Release|Any CPU.Build.0 = Release|Any CPU
	EndGlobalSection
	GlobalSection(SolutionProperties) = preSolution
		HideSolutionNode = FALSE
	EndGlobalSection
	GlobalSection(ExtensibilityGlobals) = postSolution
		SolutionGuid = {2B261D80-545E-42E4-A61C-92A396A25BD9}
	EndGlobalSection
EndGlobal
