// !$*UTF8*$!
{
    archiveVersion = 1;
    classes = {
    };
    objectVersion = 46;
    objects = {

/* Begin PBXBuildFile section */
        0000000100000000010CF21E /* AeBaseUIApplicationDelegate.m in Sources */ = { isa = PBXBuildFile; fileRef = 0000000C0000000001629F15 /* AeBaseUIApplicationDelegate.m */; };
        000000010000000001748312 /* AeBaseUIScreen.m in Sources */ = { isa = PBXBuildFile; fileRef = 0000000C00000000007797C1 /* AeBaseUIScreen.m */; };
        000000010000000001189BAA /* AeBaseUIWindow.m in Sources */ = { isa = PBXBuildFile; fileRef = 0000000C00000000003455CE /* AeBaseUIWindow.m */; };
        000000010000000001DD78FE /* EntryPoint_ExtM.m in Sources */ = { isa = PBXBuildFile; fileRef = 0000000C0000000001D70446 /* EntryPoint_ExtM.m */; };
        000000010000000000C940EE /* EntryPoint_Sync.m in Sources */ = { isa = PBXBuildFile; fileRef = 0000000C00000000008F2678 /* EntryPoint_Sync.m */; };
        000000010000000003134865 /* Application_Ext.cpp in Sources */ = { isa = PBXBuildFile; fileRef = 0000000C0000000001085A3F /* Application_Ext.cpp */; };
        000000010000000003AD8B93 /* Display_Ext.cpp in Sources */ = { isa = PBXBuildFile; fileRef = 0000000C00000000014B2C3B /* Display_Ext.cpp */; };
        00000001000000000119E831 /* EntryPoint_Ext.cpp in Sources */ = { isa = PBXBuildFile; fileRef = 0000000C0000000003A48E15 /* EntryPoint_Ext.cpp */; };
        000000010000000001E929C1 /* EntryPoint_Sync.cpp in Sources */ = { isa = PBXBuildFile; fileRef = 0000000C0000000000C8FEBE /* EntryPoint_Sync.cpp */; };
        0000000100000000013277CA /* Hid_Ext.cpp in Sources */ = { isa = PBXBuildFile; fileRef = 0000000C000000000310F4AF /* Hid_Ext.cpp */; };
        000000010000000002C6361F /* Screen_Ext.cpp in Sources */ = { isa = PBXBuildFile; fileRef = 0000000C0000000003989A29 /* Screen_Ext.cpp */; };
        000000010000000000F7E717 /* Hoge.cpp in Sources */ = { isa = PBXBuildFile; fileRef = 0000000C00000000005D6B75 /* Hoge.cpp */; };
        000000010000000000B71FD5 /* HogeMain.cpp in Sources */ = { isa = PBXBuildFile; fileRef = 0000000C00000000018F0051 /* HogeMain.cpp */; };
        000000010000000002701E81 /* Aabb2.cpp in Sources */ = { isa = PBXBuildFile; fileRef = 0000000C00000000020702D9 /* Aabb2.cpp */; };
        000000010000000001F1128C /* Aabb2i.cpp in Sources */ = { isa = PBXBuildFile; fileRef = 0000000C00000000023F19A8 /* Aabb2i.cpp */; };
        00000001000000000179A6EF /* Angle.cpp in Sources */ = { isa = PBXBuildFile; fileRef = 0000000C000000000037E6EE /* Angle.cpp */; };
        00000001000000000146DE6B /* Application.cpp in Sources */ = { isa = PBXBuildFile; fileRef = 0000000C0000000001F71E64 /* Application.cpp */; };
        0000000100000000037DD1CA /* Argument.cpp in Sources */ = { isa = PBXBuildFile; fileRef = 0000000C0000000001B0118C /* Argument.cpp */; };
        0000000100000000036C601B /* AutoMemBlock.cpp in Sources */ = { isa = PBXBuildFile; fileRef = 0000000C0000000003309DED /* AutoMemBlock.cpp */; };
        000000010000000002CF60F9 /* Calendar.cpp in Sources */ = { isa = PBXBuildFile; fileRef = 0000000C0000000000B58D5A /* Calendar.cpp */; };
        0000000100000000014A68C4 /* Color4.cpp in Sources */ = { isa = PBXBuildFile; fileRef = 0000000C000000000261F82A /* Color4.cpp */; };
        0000000100000000039DAEE5 /* Color4b.cpp in Sources */ = { isa = PBXBuildFile; fileRef = 0000000C000000000171B980 /* Color4b.cpp */; };
        0000000100000000008B260D /* Console.cpp in Sources */ = { isa = PBXBuildFile; fileRef = 0000000C0000000000FF8584 /* Console.cpp */; };
        000000010000000000E45675 /* Degree.cpp in Sources */ = { isa = PBXBuildFile; fileRef = 0000000C0000000000FBB1A7 /* Degree.cpp */; };
        000000010000000000070A1E /* Display.cpp in Sources */ = { isa = PBXBuildFile; fileRef = 0000000C0000000000D93EE2 /* Display.cpp */; };
        0000000100000000003F5B11 /* DisplayContext.cpp in Sources */ = { isa = PBXBuildFile; fileRef = 0000000C0000000003A335F6 /* DisplayContext.cpp */; };
        0000000100000000023A33A0 /* DivideCheck.cpp in Sources */ = { isa = PBXBuildFile; fileRef = 0000000C0000000000BCE5AD /* DivideCheck.cpp */; };
        0000000100000000000BD0A2 /* EntryPoint.cpp in Sources */ = { isa = PBXBuildFile; fileRef = 0000000C0000000002A41316 /* EntryPoint.cpp */; };
        0000000100000000006A55BA /* FrameCounter.cpp in Sources */ = { isa = PBXBuildFile; fileRef = 0000000C0000000003C4ABCC /* FrameCounter.cpp */; };
        000000010000000003BD0390 /* Hash.cpp in Sources */ = { isa = PBXBuildFile; fileRef = 0000000C0000000001EA0A2F /* Hash.cpp */; };
        000000010000000001A52015 /* Hid.cpp in Sources */ = { isa = PBXBuildFile; fileRef = 0000000C00000000013A5BA8 /* Hid.cpp */; };
        000000010000000002CE20C2 /* IAllocator.cpp in Sources */ = { isa = PBXBuildFile; fileRef = 0000000C00000000030D38E8 /* IAllocator.cpp */; };
        0000000100000000013F26D9 /* IConsoleCallback.cpp in Sources */ = { isa = PBXBuildFile; fileRef = 0000000C0000000003770028 /* IConsoleCallback.cpp */; };
        000000010000000003385DA1 /* InvalidCheck.cpp in Sources */ = { isa = PBXBuildFile; fileRef = 0000000C00000000032F0169 /* InvalidCheck.cpp */; };
        000000010000000000FB4AAC /* IReadStream.cpp in Sources */ = { isa = PBXBuildFile; fileRef = 0000000C0000000000A70CB4 /* IReadStream.cpp */; };
        000000010000000000D5A014 /* IRuntimeErrorCallback.cpp in Sources */ = { isa = PBXBuildFile; fileRef = 0000000C0000000001DF725B /* IRuntimeErrorCallback.cpp */; };
        00000001000000000382A0B9 /* Keyboard.cpp in Sources */ = { isa = PBXBuildFile; fileRef = 0000000C0000000000DB0535 /* Keyboard.cpp */; };
        00000001000000000397A684 /* Math.cpp in Sources */ = { isa = PBXBuildFile; fileRef = 0000000C0000000003B32EE5 /* Math.cpp */; };
        00000001000000000054DAA6 /* Matrix34.cpp in Sources */ = { isa = PBXBuildFile; fileRef = 0000000C00000000014CA613 /* Matrix34.cpp */; };
        000000010000000002FBAFD8 /* Matrix44.cpp in Sources */ = { isa = PBXBuildFile; fileRef = 0000000C0000000003B1D6B0 /* Matrix44.cpp */; };
        000000010000000002D92E9B /* MemBlock.cpp in Sources */ = { isa = PBXBuildFile; fileRef = 0000000C0000000001408C35 /* MemBlock.cpp */; };
        000000010000000001A2A379 /* Mouse.cpp in Sources */ = { isa = PBXBuildFile; fileRef = 0000000C000000000344EDE4 /* Mouse.cpp */; };
        000000010000000002B7BF41 /* Quaternion.cpp in Sources */ = { isa = PBXBuildFile; fileRef = 0000000C00000000016C5D04 /* Quaternion.cpp */; };
        00000001000000000075B94E /* Radian.cpp in Sources */ = { isa = PBXBuildFile; fileRef = 0000000C0000000000CF4527 /* Radian.cpp */; };
        0000000100000000002383BF /* Random.cpp in Sources */ = { isa = PBXBuildFile; fileRef = 0000000C0000000003496E67 /* Random.cpp */; };
        0000000100000000013FA1BF /* ResFile.cpp in Sources */ = { isa = PBXBuildFile; fileRef = 0000000C000000000194E1A4 /* ResFile.cpp */; };
        0000000100000000033CAFBE /* ResFileStream.cpp in Sources */ = { isa = PBXBuildFile; fileRef = 0000000C00000000023BEEC7 /* ResFileStream.cpp */; };
        000000010000000001222DB6 /* RuntimeAssert.cpp in Sources */ = { isa = PBXBuildFile; fileRef = 0000000C00000000001B6501 /* RuntimeAssert.cpp */; };
        000000010000000002339B66 /* RuntimeError.cpp in Sources */ = { isa = PBXBuildFile; fileRef = 0000000C0000000000F68D0B /* RuntimeError.cpp */; };
        000000010000000003D07698 /* Screen.cpp in Sources */ = { isa = PBXBuildFile; fileRef = 0000000C0000000000AAF566 /* Screen.cpp */; };
        000000010000000002542B5E /* ScreenPos.cpp in Sources */ = { isa = PBXBuildFile; fileRef = 0000000C000000000202A09C /* ScreenPos.cpp */; };
        000000010000000000F5864F /* ShortStringFactory.cpp in Sources */ = { isa = PBXBuildFile; fileRef = 0000000C000000000217A57C /* ShortStringFactory.cpp */; };
        000000010000000000A1B8CE /* StringTraits.cpp in Sources */ = { isa = PBXBuildFile; fileRef = 0000000C0000000002D4D161 /* StringTraits.cpp */; };
        000000010000000001AF7F43 /* Thread.cpp in Sources */ = { isa = PBXBuildFile; fileRef = 0000000C00000000017B5C6A /* Thread.cpp */; };
        0000000100000000032B795F /* Time.cpp in Sources */ = { isa = PBXBuildFile; fileRef = 0000000C0000000001563FC2 /* Time.cpp */; };
        00000001000000000087445B /* TimeSpan.cpp in Sources */ = { isa = PBXBuildFile; fileRef = 0000000C0000000000083DD9 /* TimeSpan.cpp */; };
        000000010000000000C16738 /* Touch.cpp in Sources */ = { isa = PBXBuildFile; fileRef = 0000000C00000000004A2CA9 /* Touch.cpp */; };
        000000010000000002CCA100 /* TouchTap.cpp in Sources */ = { isa = PBXBuildFile; fileRef = 0000000C00000000029B91F1 /* TouchTap.cpp */; };
        00000001000000000131A902 /* Vector2.cpp in Sources */ = { isa = PBXBuildFile; fileRef = 0000000C000000000378217B /* Vector2.cpp */; };
        000000010000000002BEF119 /* Vector2i.cpp in Sources */ = { isa = PBXBuildFile; fileRef = 0000000C0000000003392D59 /* Vector2i.cpp */; };
        000000010000000000B679E5 /* Vector3.cpp in Sources */ = { isa = PBXBuildFile; fileRef = 0000000C0000000001029822 /* Vector3.cpp */; };
        0000000100000000026A490F /* Vector3i.cpp in Sources */ = { isa = PBXBuildFile; fileRef = 0000000C0000000001175939 /* Vector3i.cpp */; };
        000000010000000001BC9188 /* Vector4.cpp in Sources */ = { isa = PBXBuildFile; fileRef = 0000000C0000000001D22306 /* Vector4.cpp */; };
        000000010000000003A11DC9 /* Vector4i.cpp in Sources */ = { isa = PBXBuildFile; fileRef = 0000000C0000000000633B3A /* Vector4i.cpp */; };
        000000010000000000AA0C13 /* Hoge.cpp in Sources */ = { isa = PBXBuildFile; fileRef = 0000000C00000000037D150E /* Hoge.cpp */; };
/* End PBXBuildFile section */

/* Begin PBXFileReference section */
        0000000C0000000003CB1BF5 /* AdelDev_Ios_ForDev_AeLib.a */ = { isa = PBXFileReference; explicitFileType = archive.ar;includeInIndex = 0;path = AdelDev_Ios_ForDev_AeLib.a;sourceTree = BUILT_PRODUCTS_DIR;        };
        0000000C0000000001629F15 /* AeBaseUIApplicationDelegate.m */ = { isa = PBXFileReference; lastKnownFileType = sourcecode.c.objc;name = AeBaseUIApplicationDelegate.m;path = "Source/ae_ios_os/AeBaseUIApplicationDelegate.m";sourceTree = SOURCE_ROOT;        };
        0000000C00000000007797C1 /* AeBaseUIScreen.m */ = { isa = PBXFileReference; lastKnownFileType = sourcecode.c.objc;name = AeBaseUIScreen.m;path = "Source/ae_ios_os/AeBaseUIScreen.m";sourceTree = SOURCE_ROOT;        };
        0000000C00000000003455CE /* AeBaseUIWindow.m */ = { isa = PBXFileReference; lastKnownFileType = sourcecode.c.objc;name = AeBaseUIWindow.m;path = "Source/ae_ios_os/AeBaseUIWindow.m";sourceTree = SOURCE_ROOT;        };
        0000000C0000000001D70446 /* EntryPoint_ExtM.m */ = { isa = PBXFileReference; lastKnownFileType = sourcecode.c.objc;name = EntryPoint_ExtM.m;path = "Source/ae_ios_os/EntryPoint_ExtM.m";sourceTree = SOURCE_ROOT;        };
        0000000C00000000008F2678 /* EntryPoint_Sync.m */ = { isa = PBXFileReference; lastKnownFileType = sourcecode.c.objc;name = EntryPoint_Sync.m;path = "Source/ae_ios_os/EntryPoint_Sync.m";sourceTree = SOURCE_ROOT;        };
        0000000C0000000001085A3F /* Application_Ext.cpp */ = { isa = PBXFileReference; lastKnownFileType = sourcecode.cpp.cpp;name = Application_Ext.cpp;path = "Source/ae_ios_os/Application_Ext.cpp";sourceTree = SOURCE_ROOT;        };
        0000000C00000000014B2C3B /* Display_Ext.cpp */ = { isa = PBXFileReference; lastKnownFileType = sourcecode.cpp.cpp;name = Display_Ext.cpp;path = "Source/ae_ios_os/Display_Ext.cpp";sourceTree = SOURCE_ROOT;        };
        0000000C0000000003A48E15 /* EntryPoint_Ext.cpp */ = { isa = PBXFileReference; lastKnownFileType = sourcecode.cpp.cpp;name = EntryPoint_Ext.cpp;path = "Source/ae_ios_os/EntryPoint_Ext.cpp";sourceTree = SOURCE_ROOT;        };
        0000000C0000000000C8FEBE /* EntryPoint_Sync.cpp */ = { isa = PBXFileReference; lastKnownFileType = sourcecode.cpp.cpp;name = EntryPoint_Sync.cpp;path = "Source/ae_ios_os/EntryPoint_Sync.cpp";sourceTree = SOURCE_ROOT;        };
        0000000C000000000310F4AF /* Hid_Ext.cpp */ = { isa = PBXFileReference; lastKnownFileType = sourcecode.cpp.cpp;name = Hid_Ext.cpp;path = "Source/ae_ios_os/Hid_Ext.cpp";sourceTree = SOURCE_ROOT;        };
        0000000C0000000003989A29 /* Screen_Ext.cpp */ = { isa = PBXFileReference; lastKnownFileType = sourcecode.cpp.cpp;name = Screen_Ext.cpp;path = "Source/ae_ios_os/Screen_Ext.cpp";sourceTree = SOURCE_ROOT;        };
        0000000C00000000005D6B75 /* Hoge.cpp */ = { isa = PBXFileReference; lastKnownFileType = sourcecode.cpp.cpp;name = Hoge.cpp;path = "Source/ae_ios_gles300/Hoge.cpp";sourceTree = SOURCE_ROOT;        };
        0000000C00000000018F0051 /* HogeMain.cpp */ = { isa = PBXFileReference; lastKnownFileType = sourcecode.cpp.cpp;name = HogeMain.cpp;path = "../../AdelEngine/AdelEngineNative/Source/ae/HogeMain.cpp";sourceTree = SOURCE_ROOT;        };
        0000000C00000000020702D9 /* Aabb2.cpp */ = { isa = PBXFileReference; lastKnownFileType = sourcecode.cpp.cpp;name = Aabb2.cpp;path = "../../AdelEngine/AdelEngineNative/Source/ae/base/Aabb2.cpp";sourceTree = SOURCE_ROOT;        };
        0000000C00000000023F19A8 /* Aabb2i.cpp */ = { isa = PBXFileReference; lastKnownFileType = sourcecode.cpp.cpp;name = Aabb2i.cpp;path = "../../AdelEngine/AdelEngineNative/Source/ae/base/Aabb2i.cpp";sourceTree = SOURCE_ROOT;        };
        0000000C000000000037E6EE /* Angle.cpp */ = { isa = PBXFileReference; lastKnownFileType = sourcecode.cpp.cpp;name = Angle.cpp;path = "../../AdelEngine/AdelEngineNative/Source/ae/base/Angle.cpp";sourceTree = SOURCE_ROOT;        };
        0000000C0000000001F71E64 /* Application.cpp */ = { isa = PBXFileReference; lastKnownFileType = sourcecode.cpp.cpp;name = Application.cpp;path = "../../AdelEngine/AdelEngineNative/Source/ae/base/Application.cpp";sourceTree = SOURCE_ROOT;        };
        0000000C0000000001B0118C /* Argument.cpp */ = { isa = PBXFileReference; lastKnownFileType = sourcecode.cpp.cpp;name = Argument.cpp;path = "../../AdelEngine/AdelEngineNative/Source/ae/base/Argument.cpp";sourceTree = SOURCE_ROOT;        };
        0000000C0000000003309DED /* AutoMemBlock.cpp */ = { isa = PBXFileReference; lastKnownFileType = sourcecode.cpp.cpp;name = AutoMemBlock.cpp;path = "../../AdelEngine/AdelEngineNative/Source/ae/base/AutoMemBlock.cpp";sourceTree = SOURCE_ROOT;        };
        0000000C0000000000B58D5A /* Calendar.cpp */ = { isa = PBXFileReference; lastKnownFileType = sourcecode.cpp.cpp;name = Calendar.cpp;path = "../../AdelEngine/AdelEngineNative/Source/ae/base/Calendar.cpp";sourceTree = SOURCE_ROOT;        };
        0000000C000000000261F82A /* Color4.cpp */ = { isa = PBXFileReference; lastKnownFileType = sourcecode.cpp.cpp;name = Color4.cpp;path = "../../AdelEngine/AdelEngineNative/Source/ae/base/Color4.cpp";sourceTree = SOURCE_ROOT;        };
        0000000C000000000171B980 /* Color4b.cpp */ = { isa = PBXFileReference; lastKnownFileType = sourcecode.cpp.cpp;name = Color4b.cpp;path = "../../AdelEngine/AdelEngineNative/Source/ae/base/Color4b.cpp";sourceTree = SOURCE_ROOT;        };
        0000000C0000000000FF8584 /* Console.cpp */ = { isa = PBXFileReference; lastKnownFileType = sourcecode.cpp.cpp;name = Console.cpp;path = "../../AdelEngine/AdelEngineNative/Source/ae/base/Console.cpp";sourceTree = SOURCE_ROOT;        };
        0000000C0000000000FBB1A7 /* Degree.cpp */ = { isa = PBXFileReference; lastKnownFileType = sourcecode.cpp.cpp;name = Degree.cpp;path = "../../AdelEngine/AdelEngineNative/Source/ae/base/Degree.cpp";sourceTree = SOURCE_ROOT;        };
        0000000C0000000000D93EE2 /* Display.cpp */ = { isa = PBXFileReference; lastKnownFileType = sourcecode.cpp.cpp;name = Display.cpp;path = "../../AdelEngine/AdelEngineNative/Source/ae/base/Display.cpp";sourceTree = SOURCE_ROOT;        };
        0000000C0000000003A335F6 /* DisplayContext.cpp */ = { isa = PBXFileReference; lastKnownFileType = sourcecode.cpp.cpp;name = DisplayContext.cpp;path = "../../AdelEngine/AdelEngineNative/Source/ae/base/DisplayContext.cpp";sourceTree = SOURCE_ROOT;        };
        0000000C0000000000BCE5AD /* DivideCheck.cpp */ = { isa = PBXFileReference; lastKnownFileType = sourcecode.cpp.cpp;name = DivideCheck.cpp;path = "../../AdelEngine/AdelEngineNative/Source/ae/base/DivideCheck.cpp";sourceTree = SOURCE_ROOT;        };
        0000000C0000000002A41316 /* EntryPoint.cpp */ = { isa = PBXFileReference; lastKnownFileType = sourcecode.cpp.cpp;name = EntryPoint.cpp;path = "../../AdelEngine/AdelEngineNative/Source/ae/base/EntryPoint.cpp";sourceTree = SOURCE_ROOT;        };
        0000000C0000000003C4ABCC /* FrameCounter.cpp */ = { isa = PBXFileReference; lastKnownFileType = sourcecode.cpp.cpp;name = FrameCounter.cpp;path = "../../AdelEngine/AdelEngineNative/Source/ae/base/FrameCounter.cpp";sourceTree = SOURCE_ROOT;        };
        0000000C0000000001EA0A2F /* Hash.cpp */ = { isa = PBXFileReference; lastKnownFileType = sourcecode.cpp.cpp;name = Hash.cpp;path = "../../AdelEngine/AdelEngineNative/Source/ae/base/Hash.cpp";sourceTree = SOURCE_ROOT;        };
        0000000C00000000013A5BA8 /* Hid.cpp */ = { isa = PBXFileReference; lastKnownFileType = sourcecode.cpp.cpp;name = Hid.cpp;path = "../../AdelEngine/AdelEngineNative/Source/ae/base/Hid.cpp";sourceTree = SOURCE_ROOT;        };
        0000000C00000000030D38E8 /* IAllocator.cpp */ = { isa = PBXFileReference; lastKnownFileType = sourcecode.cpp.cpp;name = IAllocator.cpp;path = "../../AdelEngine/AdelEngineNative/Source/ae/base/IAllocator.cpp";sourceTree = SOURCE_ROOT;        };
        0000000C0000000003770028 /* IConsoleCallback.cpp */ = { isa = PBXFileReference; lastKnownFileType = sourcecode.cpp.cpp;name = IConsoleCallback.cpp;path = "../../AdelEngine/AdelEngineNative/Source/ae/base/IConsoleCallback.cpp";sourceTree = SOURCE_ROOT;        };
        0000000C00000000032F0169 /* InvalidCheck.cpp */ = { isa = PBXFileReference; lastKnownFileType = sourcecode.cpp.cpp;name = InvalidCheck.cpp;path = "../../AdelEngine/AdelEngineNative/Source/ae/base/InvalidCheck.cpp";sourceTree = SOURCE_ROOT;        };
        0000000C0000000000A70CB4 /* IReadStream.cpp */ = { isa = PBXFileReference; lastKnownFileType = sourcecode.cpp.cpp;name = IReadStream.cpp;path = "../../AdelEngine/AdelEngineNative/Source/ae/base/IReadStream.cpp";sourceTree = SOURCE_ROOT;        };
        0000000C0000000001DF725B /* IRuntimeErrorCallback.cpp */ = { isa = PBXFileReference; lastKnownFileType = sourcecode.cpp.cpp;name = IRuntimeErrorCallback.cpp;path = "../../AdelEngine/AdelEngineNative/Source/ae/base/IRuntimeErrorCallback.cpp";sourceTree = SOURCE_ROOT;        };
        0000000C0000000000DB0535 /* Keyboard.cpp */ = { isa = PBXFileReference; lastKnownFileType = sourcecode.cpp.cpp;name = Keyboard.cpp;path = "../../AdelEngine/AdelEngineNative/Source/ae/base/Keyboard.cpp";sourceTree = SOURCE_ROOT;        };
        0000000C0000000003B32EE5 /* Math.cpp */ = { isa = PBXFileReference; lastKnownFileType = sourcecode.cpp.cpp;name = Math.cpp;path = "../../AdelEngine/AdelEngineNative/Source/ae/base/Math.cpp";sourceTree = SOURCE_ROOT;        };
        0000000C00000000014CA613 /* Matrix34.cpp */ = { isa = PBXFileReference; lastKnownFileType = sourcecode.cpp.cpp;name = Matrix34.cpp;path = "../../AdelEngine/AdelEngineNative/Source/ae/base/Matrix34.cpp";sourceTree = SOURCE_ROOT;        };
        0000000C0000000003B1D6B0 /* Matrix44.cpp */ = { isa = PBXFileReference; lastKnownFileType = sourcecode.cpp.cpp;name = Matrix44.cpp;path = "../../AdelEngine/AdelEngineNative/Source/ae/base/Matrix44.cpp";sourceTree = SOURCE_ROOT;        };
        0000000C0000000001408C35 /* MemBlock.cpp */ = { isa = PBXFileReference; lastKnownFileType = sourcecode.cpp.cpp;name = MemBlock.cpp;path = "../../AdelEngine/AdelEngineNative/Source/ae/base/MemBlock.cpp";sourceTree = SOURCE_ROOT;        };
        0000000C000000000344EDE4 /* Mouse.cpp */ = { isa = PBXFileReference; lastKnownFileType = sourcecode.cpp.cpp;name = Mouse.cpp;path = "../../AdelEngine/AdelEngineNative/Source/ae/base/Mouse.cpp";sourceTree = SOURCE_ROOT;        };
        0000000C00000000016C5D04 /* Quaternion.cpp */ = { isa = PBXFileReference; lastKnownFileType = sourcecode.cpp.cpp;name = Quaternion.cpp;path = "../../AdelEngine/AdelEngineNative/Source/ae/base/Quaternion.cpp";sourceTree = SOURCE_ROOT;        };
        0000000C0000000000CF4527 /* Radian.cpp */ = { isa = PBXFileReference; lastKnownFileType = sourcecode.cpp.cpp;name = Radian.cpp;path = "../../AdelEngine/AdelEngineNative/Source/ae/base/Radian.cpp";sourceTree = SOURCE_ROOT;        };
        0000000C0000000003496E67 /* Random.cpp */ = { isa = PBXFileReference; lastKnownFileType = sourcecode.cpp.cpp;name = Random.cpp;path = "../../AdelEngine/AdelEngineNative/Source/ae/base/Random.cpp";sourceTree = SOURCE_ROOT;        };
        0000000C000000000194E1A4 /* ResFile.cpp */ = { isa = PBXFileReference; lastKnownFileType = sourcecode.cpp.cpp;name = ResFile.cpp;path = "../../AdelEngine/AdelEngineNative/Source/ae/base/ResFile.cpp";sourceTree = SOURCE_ROOT;        };
        0000000C00000000023BEEC7 /* ResFileStream.cpp */ = { isa = PBXFileReference; lastKnownFileType = sourcecode.cpp.cpp;name = ResFileStream.cpp;path = "../../AdelEngine/AdelEngineNative/Source/ae/base/ResFileStream.cpp";sourceTree = SOURCE_ROOT;        };
        0000000C00000000001B6501 /* RuntimeAssert.cpp */ = { isa = PBXFileReference; lastKnownFileType = sourcecode.cpp.cpp;name = RuntimeAssert.cpp;path = "../../AdelEngine/AdelEngineNative/Source/ae/base/RuntimeAssert.cpp";sourceTree = SOURCE_ROOT;        };
        0000000C0000000000F68D0B /* RuntimeError.cpp */ = { isa = PBXFileReference; lastKnownFileType = sourcecode.cpp.cpp;name = RuntimeError.cpp;path = "../../AdelEngine/AdelEngineNative/Source/ae/base/RuntimeError.cpp";sourceTree = SOURCE_ROOT;        };
        0000000C0000000000AAF566 /* Screen.cpp */ = { isa = PBXFileReference; lastKnownFileType = sourcecode.cpp.cpp;name = Screen.cpp;path = "../../AdelEngine/AdelEngineNative/Source/ae/base/Screen.cpp";sourceTree = SOURCE_ROOT;        };
        0000000C000000000202A09C /* ScreenPos.cpp */ = { isa = PBXFileReference; lastKnownFileType = sourcecode.cpp.cpp;name = ScreenPos.cpp;path = "../../AdelEngine/AdelEngineNative/Source/ae/base/ScreenPos.cpp";sourceTree = SOURCE_ROOT;        };
        0000000C000000000217A57C /* ShortStringFactory.cpp */ = { isa = PBXFileReference; lastKnownFileType = sourcecode.cpp.cpp;name = ShortStringFactory.cpp;path = "../../AdelEngine/AdelEngineNative/Source/ae/base/ShortStringFactory.cpp";sourceTree = SOURCE_ROOT;        };
        0000000C0000000002D4D161 /* StringTraits.cpp */ = { isa = PBXFileReference; lastKnownFileType = sourcecode.cpp.cpp;name = StringTraits.cpp;path = "../../AdelEngine/AdelEngineNative/Source/ae/base/StringTraits.cpp";sourceTree = SOURCE_ROOT;        };
        0000000C00000000017B5C6A /* Thread.cpp */ = { isa = PBXFileReference; lastKnownFileType = sourcecode.cpp.cpp;name = Thread.cpp;path = "../../AdelEngine/AdelEngineNative/Source/ae/base/Thread.cpp";sourceTree = SOURCE_ROOT;        };
        0000000C0000000001563FC2 /* Time.cpp */ = { isa = PBXFileReference; lastKnownFileType = sourcecode.cpp.cpp;name = Time.cpp;path = "../../AdelEngine/AdelEngineNative/Source/ae/base/Time.cpp";sourceTree = SOURCE_ROOT;        };
        0000000C0000000000083DD9 /* TimeSpan.cpp */ = { isa = PBXFileReference; lastKnownFileType = sourcecode.cpp.cpp;name = TimeSpan.cpp;path = "../../AdelEngine/AdelEngineNative/Source/ae/base/TimeSpan.cpp";sourceTree = SOURCE_ROOT;        };
        0000000C00000000004A2CA9 /* Touch.cpp */ = { isa = PBXFileReference; lastKnownFileType = sourcecode.cpp.cpp;name = Touch.cpp;path = "../../AdelEngine/AdelEngineNative/Source/ae/base/Touch.cpp";sourceTree = SOURCE_ROOT;        };
        0000000C00000000029B91F1 /* TouchTap.cpp */ = { isa = PBXFileReference; lastKnownFileType = sourcecode.cpp.cpp;name = TouchTap.cpp;path = "../../AdelEngine/AdelEngineNative/Source/ae/base/TouchTap.cpp";sourceTree = SOURCE_ROOT;        };
        0000000C000000000378217B /* Vector2.cpp */ = { isa = PBXFileReference; lastKnownFileType = sourcecode.cpp.cpp;name = Vector2.cpp;path = "../../AdelEngine/AdelEngineNative/Source/ae/base/Vector2.cpp";sourceTree = SOURCE_ROOT;        };
        0000000C0000000003392D59 /* Vector2i.cpp */ = { isa = PBXFileReference; lastKnownFileType = sourcecode.cpp.cpp;name = Vector2i.cpp;path = "../../AdelEngine/AdelEngineNative/Source/ae/base/Vector2i.cpp";sourceTree = SOURCE_ROOT;        };
        0000000C0000000001029822 /* Vector3.cpp */ = { isa = PBXFileReference; lastKnownFileType = sourcecode.cpp.cpp;name = Vector3.cpp;path = "../../AdelEngine/AdelEngineNative/Source/ae/base/Vector3.cpp";sourceTree = SOURCE_ROOT;        };
        0000000C0000000001175939 /* Vector3i.cpp */ = { isa = PBXFileReference; lastKnownFileType = sourcecode.cpp.cpp;name = Vector3i.cpp;path = "../../AdelEngine/AdelEngineNative/Source/ae/base/Vector3i.cpp";sourceTree = SOURCE_ROOT;        };
        0000000C0000000001D22306 /* Vector4.cpp */ = { isa = PBXFileReference; lastKnownFileType = sourcecode.cpp.cpp;name = Vector4.cpp;path = "../../AdelEngine/AdelEngineNative/Source/ae/base/Vector4.cpp";sourceTree = SOURCE_ROOT;        };
        0000000C0000000000633B3A /* Vector4i.cpp */ = { isa = PBXFileReference; lastKnownFileType = sourcecode.cpp.cpp;name = Vector4i.cpp;path = "../../AdelEngine/AdelEngineNative/Source/ae/base/Vector4i.cpp";sourceTree = SOURCE_ROOT;        };
        0000000C00000000037D150E /* Hoge.cpp */ = { isa = PBXFileReference; lastKnownFileType = sourcecode.cpp.cpp;name = Hoge.cpp;path = "../../AdelEngine/AdelEngineNative/Source/ae/gfx/Hoge.cpp";sourceTree = SOURCE_ROOT;        };
/* End PBXFileReference section */

/* Begin PBXFrameworksBuildPhase section */
        000000050000000001FA6CAF /* Frameworks */ = {
            isa = PBXFrameworksBuildPhase;
            buildActionMask = 2147483647;
            files = (
            );
            runOnlyForDeploymentPostprocessing = 0;
        };
/* End PBXFrameworksBuildPhase section */

/* Begin PBXGroup section */
        0000000D0000000000C99E5E /*  */ = {
            isa = PBXGroup;
            children = (
                0000000D0000000003169154 /* Products */,
                0000000D000000000223FBA4 /* Sources */,
            );
            sourceTree = "<group>";
        };
        0000000D0000000003169154 /* Products */ = {
            isa = PBXGroup;
            children = (
                0000000C0000000003CB1BF5 /* AdelDev_Ios_ForDev_AeLib.a */,
            );
            name = Products;
            sourceTree = "<group>";
        };
        0000000D000000000223FBA4 /* Sources */ = {
            isa = PBXGroup;
            children = (
                0000000D000000000343D8C9 /* CodeMain */,
                0000000D000000000348C725 /* CodeCommon */,
            );
            name = Sources;
            sourceTree = "<group>";
        };
        0000000D000000000343D8C9 /* CodeMain */ = {
            isa = PBXGroup;
            children = (
                0000000C0000000001629F15 /* AeBaseUIApplicationDelegate.m */,
                0000000C00000000007797C1 /* AeBaseUIScreen.m */,
                0000000C00000000003455CE /* AeBaseUIWindow.m */,
                0000000C0000000001D70446 /* EntryPoint_ExtM.m */,
                0000000C00000000008F2678 /* EntryPoint_Sync.m */,
                0000000C0000000001085A3F /* Application_Ext.cpp */,
                0000000C00000000014B2C3B /* Display_Ext.cpp */,
                0000000C0000000003A48E15 /* EntryPoint_Ext.cpp */,
                0000000C0000000000C8FEBE /* EntryPoint_Sync.cpp */,
                0000000C000000000310F4AF /* Hid_Ext.cpp */,
                0000000C0000000003989A29 /* Screen_Ext.cpp */,
                0000000C00000000005D6B75 /* Hoge.cpp */,
            );
            name = CodeMain;
            sourceTree = "<group>";
        };
        0000000D000000000348C725 /* CodeCommon */ = {
            isa = PBXGroup;
            children = (
                0000000C00000000018F0051 /* HogeMain.cpp */,
                0000000C00000000020702D9 /* Aabb2.cpp */,
                0000000C00000000023F19A8 /* Aabb2i.cpp */,
                0000000C000000000037E6EE /* Angle.cpp */,
                0000000C0000000001F71E64 /* Application.cpp */,
                0000000C0000000001B0118C /* Argument.cpp */,
                0000000C0000000003309DED /* AutoMemBlock.cpp */,
                0000000C0000000000B58D5A /* Calendar.cpp */,
                0000000C000000000261F82A /* Color4.cpp */,
                0000000C000000000171B980 /* Color4b.cpp */,
                0000000C0000000000FF8584 /* Console.cpp */,
                0000000C0000000000FBB1A7 /* Degree.cpp */,
                0000000C0000000000D93EE2 /* Display.cpp */,
                0000000C0000000003A335F6 /* DisplayContext.cpp */,
                0000000C0000000000BCE5AD /* DivideCheck.cpp */,
                0000000C0000000002A41316 /* EntryPoint.cpp */,
                0000000C0000000003C4ABCC /* FrameCounter.cpp */,
                0000000C0000000001EA0A2F /* Hash.cpp */,
                0000000C00000000013A5BA8 /* Hid.cpp */,
                0000000C00000000030D38E8 /* IAllocator.cpp */,
                0000000C0000000003770028 /* IConsoleCallback.cpp */,
                0000000C00000000032F0169 /* InvalidCheck.cpp */,
                0000000C0000000000A70CB4 /* IReadStream.cpp */,
                0000000C0000000001DF725B /* IRuntimeErrorCallback.cpp */,
                0000000C0000000000DB0535 /* Keyboard.cpp */,
                0000000C0000000003B32EE5 /* Math.cpp */,
                0000000C00000000014CA613 /* Matrix34.cpp */,
                0000000C0000000003B1D6B0 /* Matrix44.cpp */,
                0000000C0000000001408C35 /* MemBlock.cpp */,
                0000000C000000000344EDE4 /* Mouse.cpp */,
                0000000C00000000016C5D04 /* Quaternion.cpp */,
                0000000C0000000000CF4527 /* Radian.cpp */,
                0000000C0000000003496E67 /* Random.cpp */,
                0000000C000000000194E1A4 /* ResFile.cpp */,
                0000000C00000000023BEEC7 /* ResFileStream.cpp */,
                0000000C00000000001B6501 /* RuntimeAssert.cpp */,
                0000000C0000000000F68D0B /* RuntimeError.cpp */,
                0000000C0000000000AAF566 /* Screen.cpp */,
                0000000C000000000202A09C /* ScreenPos.cpp */,
                0000000C000000000217A57C /* ShortStringFactory.cpp */,
                0000000C0000000002D4D161 /* StringTraits.cpp */,
                0000000C00000000017B5C6A /* Thread.cpp */,
                0000000C0000000001563FC2 /* Time.cpp */,
                0000000C0000000000083DD9 /* TimeSpan.cpp */,
                0000000C00000000004A2CA9 /* Touch.cpp */,
                0000000C00000000029B91F1 /* TouchTap.cpp */,
                0000000C000000000378217B /* Vector2.cpp */,
                0000000C0000000003392D59 /* Vector2i.cpp */,
                0000000C0000000001029822 /* Vector3.cpp */,
                0000000C0000000001175939 /* Vector3i.cpp */,
                0000000C0000000001D22306 /* Vector4.cpp */,
                0000000C0000000000633B3A /* Vector4i.cpp */,
                0000000C00000000037D150E /* Hoge.cpp */,
            );
            name = CodeCommon;
            sourceTree = "<group>";
        };
/* End PBXGroup section */

/* Begin PBXHeadersBuildPhase section */
        000000060000000001E3B723 /* Headers */ = {
            isa = PBXHeadersBuildPhase;
            buildActionMask = 2147483647;
            files = (
            );
            runOnlyForDeploymentPostprocessing = 0;
        };
/* End PBXHeadersBuildPhase section */

/* Begin PBXNativeTarget section */
        00000011000000000365BD83 /* AdelDev_Ios_ForDev_AeLib */ = {
            isa = PBXNativeTarget;
            buildConfigurationList = 00000017000000000293A9A3 /* Build configuration list for PBXNativeTarget "AdelDev_Ios_ForDev_AeLib" */;
            buildPhases = (
                000000060000000001E3B723 /* Headers */,
                00000009000000000101703C /* Sources */,
                000000050000000001FA6CAF /* Frameworks */,
            );
            buildRules = (
            );
            dependencies = (
            );
            name = AdelDev_Ios_ForDev_AeLib;
            productName = AdelDev_Ios_ForDev_AeLib;
            productReference = 0000000C0000000003CB1BF5 /* AdelDev_Ios_ForDev_AeLib.a */;
            productType = "com.apple.product-type.library.static";
        };
/* End PBXNativeTarget section */

/* Begin PBXProject section */
        00000012000000000074DB74 /* PBXProject */ = {
            isa = PBXProject;
            buildConfigurationList = 0000001700000000001BB715 /* Build configuration list for PBXProject "PBXProject" */;
            compatibilityVersion = "Xcode 3.2";
            developmentRegion = Japanese;
            hasScannedForEncodings = 1;
            knownRegions = (
                jp,
                en,
                Base,
            );
            mainGroup = 0000000D0000000000C99E5E /*  */;
            productRefGroup = 0000000D0000000003169154 /* Products */;
            projectDirPath = "";
            projectRoot = "";
            targets = (
                00000011000000000365BD83 /* AdelDev_Ios_ForDev_AeLib */,
            );
        };
/* End PBXProject section */

/* Begin PBXSourcesBuildPhase section */
        00000009000000000101703C /* Sources */ = {
            isa = PBXSourcesBuildPhase;
            buildActionMask = 2147483647;
            files = (
                0000000100000000010CF21E /* AeBaseUIApplicationDelegate.m in Sources */,
                000000010000000001748312 /* AeBaseUIScreen.m in Sources */,
                000000010000000001189BAA /* AeBaseUIWindow.m in Sources */,
                000000010000000001DD78FE /* EntryPoint_ExtM.m in Sources */,
                000000010000000000C940EE /* EntryPoint_Sync.m in Sources */,
                000000010000000003134865 /* Application_Ext.cpp in Sources */,
                000000010000000003AD8B93 /* Display_Ext.cpp in Sources */,
                00000001000000000119E831 /* EntryPoint_Ext.cpp in Sources */,
                000000010000000001E929C1 /* EntryPoint_Sync.cpp in Sources */,
                0000000100000000013277CA /* Hid_Ext.cpp in Sources */,
                000000010000000002C6361F /* Screen_Ext.cpp in Sources */,
                000000010000000000F7E717 /* Hoge.cpp in Sources */,
                000000010000000000B71FD5 /* HogeMain.cpp in Sources */,
                000000010000000002701E81 /* Aabb2.cpp in Sources */,
                000000010000000001F1128C /* Aabb2i.cpp in Sources */,
                00000001000000000179A6EF /* Angle.cpp in Sources */,
                00000001000000000146DE6B /* Application.cpp in Sources */,
                0000000100000000037DD1CA /* Argument.cpp in Sources */,
                0000000100000000036C601B /* AutoMemBlock.cpp in Sources */,
                000000010000000002CF60F9 /* Calendar.cpp in Sources */,
                0000000100000000014A68C4 /* Color4.cpp in Sources */,
                0000000100000000039DAEE5 /* Color4b.cpp in Sources */,
                0000000100000000008B260D /* Console.cpp in Sources */,
                000000010000000000E45675 /* Degree.cpp in Sources */,
                000000010000000000070A1E /* Display.cpp in Sources */,
                0000000100000000003F5B11 /* DisplayContext.cpp in Sources */,
                0000000100000000023A33A0 /* DivideCheck.cpp in Sources */,
                0000000100000000000BD0A2 /* EntryPoint.cpp in Sources */,
                0000000100000000006A55BA /* FrameCounter.cpp in Sources */,
                000000010000000003BD0390 /* Hash.cpp in Sources */,
                000000010000000001A52015 /* Hid.cpp in Sources */,
                000000010000000002CE20C2 /* IAllocator.cpp in Sources */,
                0000000100000000013F26D9 /* IConsoleCallback.cpp in Sources */,
                000000010000000003385DA1 /* InvalidCheck.cpp in Sources */,
                000000010000000000FB4AAC /* IReadStream.cpp in Sources */,
                000000010000000000D5A014 /* IRuntimeErrorCallback.cpp in Sources */,
                00000001000000000382A0B9 /* Keyboard.cpp in Sources */,
                00000001000000000397A684 /* Math.cpp in Sources */,
                00000001000000000054DAA6 /* Matrix34.cpp in Sources */,
                000000010000000002FBAFD8 /* Matrix44.cpp in Sources */,
                000000010000000002D92E9B /* MemBlock.cpp in Sources */,
                000000010000000001A2A379 /* Mouse.cpp in Sources */,
                000000010000000002B7BF41 /* Quaternion.cpp in Sources */,
                00000001000000000075B94E /* Radian.cpp in Sources */,
                0000000100000000002383BF /* Random.cpp in Sources */,
                0000000100000000013FA1BF /* ResFile.cpp in Sources */,
                0000000100000000033CAFBE /* ResFileStream.cpp in Sources */,
                000000010000000001222DB6 /* RuntimeAssert.cpp in Sources */,
                000000010000000002339B66 /* RuntimeError.cpp in Sources */,
                000000010000000003D07698 /* Screen.cpp in Sources */,
                000000010000000002542B5E /* ScreenPos.cpp in Sources */,
                000000010000000000F5864F /* ShortStringFactory.cpp in Sources */,
                000000010000000000A1B8CE /* StringTraits.cpp in Sources */,
                000000010000000001AF7F43 /* Thread.cpp in Sources */,
                0000000100000000032B795F /* Time.cpp in Sources */,
                00000001000000000087445B /* TimeSpan.cpp in Sources */,
                000000010000000000C16738 /* Touch.cpp in Sources */,
                000000010000000002CCA100 /* TouchTap.cpp in Sources */,
                00000001000000000131A902 /* Vector2.cpp in Sources */,
                000000010000000002BEF119 /* Vector2i.cpp in Sources */,
                000000010000000000B679E5 /* Vector3.cpp in Sources */,
                0000000100000000026A490F /* Vector3i.cpp in Sources */,
                000000010000000001BC9188 /* Vector4.cpp in Sources */,
                000000010000000003A11DC9 /* Vector4i.cpp in Sources */,
                000000010000000000AA0C13 /* Hoge.cpp in Sources */,
            );
            runOnlyForDeploymentPostprocessing = 0;
        };
/* End PBXSourcesBuildPhase section */

/* Begin XCBuildConfiguration section */
        000000160000000000F96FC5 /* Debug */ = {
            isa = XCBuildConfiguration;
            buildSettings = {
                ALWAYS_SEARCH_USER_PATHS = NO;
                CLANG_ANALYZER_NONNULL = YES;
                CLANG_CXX_LANGUAGE_STANDARD = "gnu++0x";
                CLANG_CXX_LIBRARY = "libc++";
                CLANG_WARN_BOOL_CONVERSION = YES;
                CLANG_WARN_CONSTANT_CONVERSION = YES;
                CLANG_WARN_DIRECT_OBJC_ISA_USAGE = YES_ERROR;
                CLANG_WARN_ENUM_CONVERSION = YES;
                CLANG_WARN_INFINITE_RECURSION = YES;
                CLANG_WARN_INT_CONVERSION = YES;
                CLANG_WARN_OBJC_ROOT_CLASS = YES;
                CLANG_WARN_SUSPICIOUS_MOVE = YES;
                CLANG_WARN__DUPLICATE_METHOD_MATCH = YES;
                "CODE_SIGN_IDENTITY[sdk=iphoneos*]" = "iPhone Developer";
                COPY_PHASE_STRIP = NO;
                DEBUG_INFORMATION_FORMAT = "dwarf-with-dsym";
                GCC_C_LANGUAGE_STANDARD = gnu99;
                GCC_WARN_64_TO_32_BIT_CONVERSION = YES;
                GCC_WARN_ABOUT_RETURN_TYPE = YES;
                GCC_WARN_UNINITIALIZED_AUTOS = YES;
                GCC_WARN_UNUSED_VARIABLE = YES;
                PRECOMPS_INCLUDE_HEADERS_FROM_BUILT_PRODUCTS_DIR = YES;
                RUN_CLANG_STATIC_ANALYZER = YES;
                IPHONEOS_DEPLOYMENT_TARGET = 10.2;
                SDKROOT = iphoneos;
                HEADER_SEARCH_PATHS = (
                    "$(PROJECT_DIR)/Source",
                    "$(PROJECT_DIR)/../../AdelEngine/AdelEngineNative/Source",
                );
                MTL_ENABLE_DEBUG_INFO = YES;
                ONLY_ACTIVE_ARCH = YES;
                GCC_OPTIMIZATION_LEVEL = 0;
                GCC_PREPROCESSOR_DEFINITIONS = (
                    AE_LIBRARY_DEBUG,
                    "DEBUG=1",
                    "$(inherited)",
                );
            };
            name = Debug;
        };
        000000160000000000C4EDF4 /* Develop */ = {
            isa = XCBuildConfiguration;
            buildSettings = {
                ALWAYS_SEARCH_USER_PATHS = NO;
                CLANG_ANALYZER_NONNULL = YES;
                CLANG_CXX_LANGUAGE_STANDARD = "gnu++0x";
                CLANG_CXX_LIBRARY = "libc++";
                CLANG_WARN_BOOL_CONVERSION = YES;
                CLANG_WARN_CONSTANT_CONVERSION = YES;
                CLANG_WARN_DIRECT_OBJC_ISA_USAGE = YES_ERROR;
                CLANG_WARN_ENUM_CONVERSION = YES;
                CLANG_WARN_INFINITE_RECURSION = YES;
                CLANG_WARN_INT_CONVERSION = YES;
                CLANG_WARN_OBJC_ROOT_CLASS = YES;
                CLANG_WARN_SUSPICIOUS_MOVE = YES;
                CLANG_WARN__DUPLICATE_METHOD_MATCH = YES;
                "CODE_SIGN_IDENTITY[sdk=iphoneos*]" = "iPhone Developer";
                COPY_PHASE_STRIP = NO;
                DEBUG_INFORMATION_FORMAT = "dwarf-with-dsym";
                GCC_C_LANGUAGE_STANDARD = gnu99;
                GCC_WARN_64_TO_32_BIT_CONVERSION = YES;
                GCC_WARN_ABOUT_RETURN_TYPE = YES;
                GCC_WARN_UNINITIALIZED_AUTOS = YES;
                GCC_WARN_UNUSED_VARIABLE = YES;
                PRECOMPS_INCLUDE_HEADERS_FROM_BUILT_PRODUCTS_DIR = YES;
                RUN_CLANG_STATIC_ANALYZER = YES;
                IPHONEOS_DEPLOYMENT_TARGET = 10.2;
                SDKROOT = iphoneos;
                HEADER_SEARCH_PATHS = (
                    "$(PROJECT_DIR)/Source",
                    "$(PROJECT_DIR)/../../AdelEngine/AdelEngineNative/Source",
                );
                MTL_ENABLE_DEBUG_INFO = YES;
                ONLY_ACTIVE_ARCH = YES;
                GCC_PREPROCESSOR_DEFINITIONS = (
                    AE_LIBRARY_DEVELOP,
                    "$(inherited)",
                );
            };
            name = Develop;
        };
        000000160000000002EC5D9C /* Review */ = {
            isa = XCBuildConfiguration;
            buildSettings = {
                ALWAYS_SEARCH_USER_PATHS = NO;
                CLANG_ANALYZER_NONNULL = YES;
                CLANG_CXX_LANGUAGE_STANDARD = "gnu++0x";
                CLANG_CXX_LIBRARY = "libc++";
                CLANG_WARN_BOOL_CONVERSION = YES;
                CLANG_WARN_CONSTANT_CONVERSION = YES;
                CLANG_WARN_DIRECT_OBJC_ISA_USAGE = YES_ERROR;
                CLANG_WARN_ENUM_CONVERSION = YES;
                CLANG_WARN_INFINITE_RECURSION = YES;
                CLANG_WARN_INT_CONVERSION = YES;
                CLANG_WARN_OBJC_ROOT_CLASS = YES;
                CLANG_WARN_SUSPICIOUS_MOVE = YES;
                CLANG_WARN__DUPLICATE_METHOD_MATCH = YES;
                "CODE_SIGN_IDENTITY[sdk=iphoneos*]" = "iPhone Developer";
                COPY_PHASE_STRIP = NO;
                DEBUG_INFORMATION_FORMAT = "dwarf-with-dsym";
                GCC_C_LANGUAGE_STANDARD = gnu99;
                GCC_WARN_64_TO_32_BIT_CONVERSION = YES;
                GCC_WARN_ABOUT_RETURN_TYPE = YES;
                GCC_WARN_UNINITIALIZED_AUTOS = YES;
                GCC_WARN_UNUSED_VARIABLE = YES;
                PRECOMPS_INCLUDE_HEADERS_FROM_BUILT_PRODUCTS_DIR = YES;
                RUN_CLANG_STATIC_ANALYZER = YES;
                IPHONEOS_DEPLOYMENT_TARGET = 10.2;
                SDKROOT = iphoneos;
                HEADER_SEARCH_PATHS = (
                    "$(PROJECT_DIR)/Source",
                    "$(PROJECT_DIR)/../../AdelEngine/AdelEngineNative/Source",
                );
                MTL_ENABLE_DEBUG_INFO = NO;
                GCC_PREPROCESSOR_DEFINITIONS = (
                    AE_LIBRARY_REVIEW,
                    "$(inherited)",
                );
            };
            name = Review;
        };
        0000001600000000024F4A7C /* Final */ = {
            isa = XCBuildConfiguration;
            buildSettings = {
                ALWAYS_SEARCH_USER_PATHS = NO;
                CLANG_ANALYZER_NONNULL = YES;
                CLANG_CXX_LANGUAGE_STANDARD = "gnu++0x";
                CLANG_CXX_LIBRARY = "libc++";
                CLANG_WARN_BOOL_CONVERSION = YES;
                CLANG_WARN_CONSTANT_CONVERSION = YES;
                CLANG_WARN_DIRECT_OBJC_ISA_USAGE = YES_ERROR;
                CLANG_WARN_ENUM_CONVERSION = YES;
                CLANG_WARN_INFINITE_RECURSION = YES;
                CLANG_WARN_INT_CONVERSION = YES;
                CLANG_WARN_OBJC_ROOT_CLASS = YES;
                CLANG_WARN_SUSPICIOUS_MOVE = YES;
                CLANG_WARN__DUPLICATE_METHOD_MATCH = YES;
                "CODE_SIGN_IDENTITY[sdk=iphoneos*]" = "iPhone Developer";
                COPY_PHASE_STRIP = NO;
                DEBUG_INFORMATION_FORMAT = "dwarf-with-dsym";
                GCC_C_LANGUAGE_STANDARD = gnu99;
                GCC_WARN_64_TO_32_BIT_CONVERSION = YES;
                GCC_WARN_ABOUT_RETURN_TYPE = YES;
                GCC_WARN_UNINITIALIZED_AUTOS = YES;
                GCC_WARN_UNUSED_VARIABLE = YES;
                PRECOMPS_INCLUDE_HEADERS_FROM_BUILT_PRODUCTS_DIR = YES;
                RUN_CLANG_STATIC_ANALYZER = YES;
                IPHONEOS_DEPLOYMENT_TARGET = 10.2;
                SDKROOT = iphoneos;
                HEADER_SEARCH_PATHS = (
                    "$(PROJECT_DIR)/Source",
                    "$(PROJECT_DIR)/../../AdelEngine/AdelEngineNative/Source",
                );
                MTL_ENABLE_DEBUG_INFO = NO;
                GCC_PREPROCESSOR_DEFINITIONS = (
                    AE_LIBRARY_FINAL,
                    "$(inherited)",
                );
            };
            name = Final;
        };
        00000016000000000330F6BD /* Debug */ = {
            isa = XCBuildConfiguration;
            buildSettings = {
                OTHER_LDFLAGS = "-ObjC";
                PRODUCT_NAME = "$(TARGET_NAME)";
                SKIP_INSTALL = YES;
            };
            name = Debug;
        };
        000000160000000000B8ACAC /* Develop */ = {
            isa = XCBuildConfiguration;
            buildSettings = {
                OTHER_LDFLAGS = "-ObjC";
                PRODUCT_NAME = "$(TARGET_NAME)";
                SKIP_INSTALL = YES;
            };
            name = Develop;
        };
        0000001600000000027E1210 /* Review */ = {
            isa = XCBuildConfiguration;
            buildSettings = {
                OTHER_LDFLAGS = "-ObjC";
                PRODUCT_NAME = "$(TARGET_NAME)";
                SKIP_INSTALL = YES;
            };
            name = Review;
        };
        0000001600000000026EA292 /* Final */ = {
            isa = XCBuildConfiguration;
            buildSettings = {
                OTHER_LDFLAGS = "-ObjC";
                PRODUCT_NAME = "$(TARGET_NAME)";
                SKIP_INSTALL = YES;
            };
            name = Final;
        };
/* End XCBuildConfiguration section */

/* Begin XCConfigurationList section */
        0000001700000000001BB715 /* Build configuration list for PBXProject "PBXProject" */ = {
            isa = XCConfigurationList;
            buildConfigurations = (
                000000160000000000F96FC5 /* Debug */,
                000000160000000000C4EDF4 /* Develop */,
                000000160000000002EC5D9C /* Review */,
                0000001600000000024F4A7C /* Final */,
            );
            defaultConfigurationIsVisible = 0;
            defaultConfigurationName = Debug;
        };
        00000017000000000293A9A3 /* Build configuration list for PBXNativeTarget "AdelDev_Ios_ForDev_AeLib" */ = {
            isa = XCConfigurationList;
            buildConfigurations = (
                00000016000000000330F6BD /* Debug */,
                000000160000000000B8ACAC /* Develop */,
                0000001600000000027E1210 /* Review */,
                0000001600000000026EA292 /* Final */,
            );
            defaultConfigurationIsVisible = 0;
            defaultConfigurationName = Debug;
        };
/* End XCConfigurationList section */

    };
    rootObject = 00000012000000000074DB74 /* PBXProject */;
}
