
Microsoft Visual Studio Solution File, Format Version 12.00
# Visual Studio 15
VisualStudioVersion = 15.0.27428.1
MinimumVisualStudioVersion = 10.0.40219.1
Project("{8BC9CEB8-8B4A-11D0-8D11-00A0C91BC942}") = "AdelDev_Win_ForDev", "AdelDev_Win_ForDev.vcxproj", "{F7FD653A-D72D-46B6-BEC5-3933536F768D}"
EndProject
Project("{8BC9CEB8-8B4A-11D0-8D11-00A0C91BC942}") = "AdelDev_Win_ForDev_AeMain", "AdelDev_Win_ForDev_AeMain.vcxproj", "{01C68E42-0D13-4A34-B624-7396F43BFCE6}"
EndProject
Project("{8BC9CEB8-8B4A-11D0-8D11-00A0C91BC942}") = "AdelDev_Win_ForDev_AeCommon", "..\..\AdelEngineCore\AdelEngineNative\AdelDev_Win_ForDev_AeCommon.vcxproj", "{7107AA3C-0ED6-4E2A-9FFA-BE2B85018B6A}"
EndProject
Global
	GlobalSection(SolutionConfigurationPlatforms) = preSolution
		Debug|x64 = Debug|x64
		Develop|x64 = Develop|x64
		Inspect|x64 = Inspect|x64
		Preview|x64 = Preview|x64
		Release|x64 = Release|x64
	EndGlobalSection
	GlobalSection(ProjectConfigurationPlatforms) = postSolution
		{F7FD653A-D72D-46B6-BEC5-3933536F768D}.Debug|x64.ActiveCfg = Debug|x64
		{F7FD653A-D72D-46B6-BEC5-3933536F768D}.Debug|x64.Build.0 = Debug|x64
		{F7FD653A-D72D-46B6-BEC5-3933536F768D}.Develop|x64.ActiveCfg = Develop|x64
		{F7FD653A-D72D-46B6-BEC5-3933536F768D}.Develop|x64.Build.0 = Develop|x64
		{F7FD653A-D72D-46B6-BEC5-3933536F768D}.Inspect|x64.ActiveCfg = Inspect|x64
		{F7FD653A-D72D-46B6-BEC5-3933536F768D}.Inspect|x64.Build.0 = Inspect|x64
		{F7FD653A-D72D-46B6-BEC5-3933536F768D}.Preview|x64.ActiveCfg = Preview|x64
		{F7FD653A-D72D-46B6-BEC5-3933536F768D}.Preview|x64.Build.0 = Preview|x64
		{F7FD653A-D72D-46B6-BEC5-3933536F768D}.Release|x64.ActiveCfg = Release|x64
		{F7FD653A-D72D-46B6-BEC5-3933536F768D}.Release|x64.Build.0 = Release|x64
		{01C68E42-0D13-4A34-B624-7396F43BFCE6}.Debug|x64.ActiveCfg = Debug|x64
		{01C68E42-0D13-4A34-B624-7396F43BFCE6}.Debug|x64.Build.0 = Debug|x64
		{01C68E42-0D13-4A34-B624-7396F43BFCE6}.Develop|x64.ActiveCfg = Develop|x64
		{01C68E42-0D13-4A34-B624-7396F43BFCE6}.Develop|x64.Build.0 = Develop|x64
		{01C68E42-0D13-4A34-B624-7396F43BFCE6}.Inspect|x64.ActiveCfg = Inspect|x64
		{01C68E42-0D13-4A34-B624-7396F43BFCE6}.Inspect|x64.Build.0 = Inspect|x64
		{01C68E42-0D13-4A34-B624-7396F43BFCE6}.Preview|x64.ActiveCfg = Preview|x64
		{01C68E42-0D13-4A34-B624-7396F43BFCE6}.Preview|x64.Build.0 = Preview|x64
		{01C68E42-0D13-4A34-B624-7396F43BFCE6}.Release|x64.ActiveCfg = Release|x64
		{01C68E42-0D13-4A34-B624-7396F43BFCE6}.Release|x64.Build.0 = Release|x64
		{7107AA3C-0ED6-4E2A-9FFA-BE2B85018B6A}.Debug|x64.ActiveCfg = Debug|x64
		{7107AA3C-0ED6-4E2A-9FFA-BE2B85018B6A}.Debug|x64.Build.0 = Debug|x64
		{7107AA3C-0ED6-4E2A-9FFA-BE2B85018B6A}.Develop|x64.ActiveCfg = Develop|x64
		{7107AA3C-0ED6-4E2A-9FFA-BE2B85018B6A}.Develop|x64.Build.0 = Develop|x64
		{7107AA3C-0ED6-4E2A-9FFA-BE2B85018B6A}.Inspect|x64.ActiveCfg = Inspect|x64
		{7107AA3C-0ED6-4E2A-9FFA-BE2B85018B6A}.Inspect|x64.Build.0 = Inspect|x64
		{7107AA3C-0ED6-4E2A-9FFA-BE2B85018B6A}.Preview|x64.ActiveCfg = Preview|x64
		{7107AA3C-0ED6-4E2A-9FFA-BE2B85018B6A}.Preview|x64.Build.0 = Preview|x64
		{7107AA3C-0ED6-4E2A-9FFA-BE2B85018B6A}.Release|x64.ActiveCfg = Release|x64
		{7107AA3C-0ED6-4E2A-9FFA-BE2B85018B6A}.Release|x64.Build.0 = Release|x64
		# ex.
		#{F7CCEEA1-49F4-475F-839A-4B75237368B6}.debug|x64.ActiveCfg = debug|x64
		#{F7CCEEA1-49F4-475F-839A-4B75237368B6}.debug|x64.Build.0 = debug|x64
	EndGlobalSection
	GlobalSection(SolutionProperties) = preSolution
		HideSolutionNode = FALSE
	EndGlobalSection
EndGlobal
