// !$*UTF8*$!
{
	archiveVersion = 1;
	classes = {
	};
	objectVersion = 46;
	objects = {

/* Begin PBXBuildFile section */
		C50AAC2F1F813CA4004396F1 /* AppDelegate.m in Sources */ = {isa = PBXBuildFile; fileRef = C50AAC2E1F813CA4004396F1 /* AppDelegate.m */; };
		C50AAC321F813CA4004396F1 /* main.m in Sources */ = {isa = PBXBuildFile; fileRef = C50AAC311F813CA4004396F1 /* main.m */; };
		C50AAC341F813CA4004396F1 /* Assets.xcassets in Resources */ = {isa = PBXBuildFile; fileRef = C50AAC331F813CA4004396F1 /* Assets.xcassets */; };
		C50AAC371F813CA4004396F1 /* MainMenu.xib in Resources */ = {isa = PBXBuildFile; fileRef = C50AAC351F813CA4004396F1 /* MainMenu.xib */; };
		C5C13E941F82842E001E1476 /* libMyLib.a in Frameworks */ = {isa = PBXBuildFile; fileRef = C5C13E921F828403001E1476 /* libMyLib.a */; };
/* End PBXBuildFile section */

/* Begin PBXContainerItemProxy section */
		C5C13E911F828403001E1476 /* PBXContainerItemProxy */ = {
			isa = PBXContainerItemProxy;
			containerPortal = C5C13E8D1F828403001E1476 /* MyLib.xcodeproj */;
			proxyType = 2;
			remoteGlobalIDString = C53FA7631F7E86C20025A843;
			remoteInfo = MyLib;
		};
/* End PBXContainerItemProxy section */

/* Begin PBXFileReference section */
		C50AAC2A1F813CA4004396F1 /* MyCocoaApp.app */ = {isa = PBXFileReference; explicitFileType = wrapper.application; includeInIndex = 0; path = MyCocoaApp.app; sourceTree = BUILT_PRODUCTS_DIR; };
		C50AAC2D1F813CA4004396F1 /* AppDelegate.h */ = {isa = PBXFileReference; lastKnownFileType = sourcecode.c.h; path = AppDelegate.h; sourceTree = "<group>"; };
		C50AAC2E1F813CA4004396F1 /* AppDelegate.m */ = {isa = PBXFileReference; lastKnownFileType = sourcecode.c.objc; path = AppDelegate.m; sourceTree = "<group>"; };
		C50AAC311F813CA4004396F1 /* main.m */ = {isa = PBXFileReference; lastKnownFileType = sourcecode.c.objc; path = main.m; sourceTree = "<group>"; };
		C50AAC331F813CA4004396F1 /* Assets.xcassets */ = {isa = PBXFileReference; lastKnownFileType = folder.assetcatalog; path = Assets.xcassets; sourceTree = "<group>"; };
		C50AAC361F813CA4004396F1 /* Base */ = {isa = PBXFileReference; lastKnownFileType = file.xib; name = Base; path = Base.lproj/MainMenu.xib; sourceTree = "<group>"; };
		C50AAC381F813CA4004396F1 /* Info.plist */ = {isa = PBXFileReference; lastKnownFileType = text.plist.xml; path = Info.plist; sourceTree = "<group>"; };
		C5C13E8D1F828403001E1476 /* MyLib.xcodeproj */ = {isa = PBXFileReference; lastKnownFileType = "wrapper.pb-project"; name = MyLib.xcodeproj; path = ../MyLib/MyLib.xcodeproj; sourceTree = "<group>"; };
/* End PBXFileReference section */

/* Begin PBXFrameworksBuildPhase section */
		C50AAC271F813CA4004396F1 /* Frameworks */ = {
			isa = PBXFrameworksBuildPhase;
			buildActionMask = 2147483647;
			files = (
				C5C13E941F82842E001E1476 /* libMyLib.a in Frameworks */,
			);
			runOnlyForDeploymentPostprocessing = 0;
		};
/* End PBXFrameworksBuildPhase section */

/* Begin PBXGroup section */
		C50AAC211F813CA4004396F1 = {
			isa = PBXGroup;
			children = (
				C5C13E931F828408001E1476 /* ExternalProjects */,
				C50AAC2C1F813CA4004396F1 /* MyCocoaApp */,
				C50AAC2B1F813CA4004396F1 /* Products */,
			);
			sourceTree = "<group>";
		};
		C50AAC2B1F813CA4004396F1 /* Products */ = {
			isa = PBXGroup;
			children = (
				C50AAC2A1F813CA4004396F1 /* MyCocoaApp.app */,
			);
			name = Products;
			sourceTree = "<group>";
		};
		C50AAC2C1F813CA4004396F1 /* MyCocoaApp */ = {
			isa = PBXGroup;
			children = (
				C50AAC2D1F813CA4004396F1 /* AppDelegate.h */,
				C50AAC2E1F813CA4004396F1 /* AppDelegate.m */,
				C50AAC331F813CA4004396F1 /* Assets.xcassets */,
				C50AAC351F813CA4004396F1 /* MainMenu.xib */,
				C50AAC381F813CA4004396F1 /* Info.plist */,
				C50AAC301F813CA4004396F1 /* Supporting Files */,
			);
			path = MyCocoaApp;
			sourceTree = "<group>";
		};
		C50AAC301F813CA4004396F1 /* Supporting Files */ = {
			isa = PBXGroup;
			children = (
				C50AAC311F813CA4004396F1 /* main.m */,
			);
			name = "Supporting Files";
			sourceTree = "<group>";
		};
		C5C13E8E1F828403001E1476 /* Products */ = {
			isa = PBXGroup;
			children = (
				C5C13E921F828403001E1476 /* libMyLib.a */,
			);
			name = Products;
			sourceTree = "<group>";
		};
		C5C13E931F828408001E1476 /* ExternalProjects */ = {
			isa = PBXGroup;
			children = (
				C5C13E8D1F828403001E1476 /* MyLib.xcodeproj */,
			);
			name = ExternalProjects;
			sourceTree = "<group>";
		};
/* End PBXGroup section */

/* Begin PBXNativeTarget section */
		C50AAC291F813CA4004396F1 /* MyCocoaApp */ = {
			isa = PBXNativeTarget;
			buildConfigurationList = C50AAC3B1F813CA4004396F1 /* Build configuration list for PBXNativeTarget "MyCocoaApp" */;
			buildPhases = (
				C50AAC261F813CA4004396F1 /* Sources */,
				C50AAC271F813CA4004396F1 /* Frameworks */,
				C50AAC281F813CA4004396F1 /* Resources */,
			);
			buildRules = (
			);
			dependencies = (
			);
			name = MyCocoaApp;
			productName = MyCocoaApp;
			productReference = C50AAC2A1F813CA4004396F1 /* MyCocoaApp.app */;
			productType = "com.apple.product-type.application";
		};
/* End PBXNativeTarget section */

/* Begin PBXProject section */
		C50AAC221F813CA4004396F1 /* Project object */ = {
			isa = PBXProject;
			attributes = {
				LastUpgradeCheck = 0820;
				ORGANIZATIONNAME = "あっきー";
				TargetAttributes = {
					C50AAC291F813CA4004396F1 = {
						CreatedOnToolsVersion = 8.2.1;
						ProvisioningStyle = Automatic;
					};
				};
			};
			buildConfigurationList = C50AAC251F813CA4004396F1 /* Build configuration list for PBXProject "MyCocoaApp" */;
			compatibilityVersion = "Xcode 3.2";
			developmentRegion = English;
			hasScannedForEncodings = 0;
			knownRegions = (
				en,
				Base,
			);
			mainGroup = C50AAC211F813CA4004396F1;
			productRefGroup = C50AAC2B1F813CA4004396F1 /* Products */;
			projectDirPath = "";
			projectReferences = (
				{
					ProductGroup = C5C13E8E1F828403001E1476 /* Products */;
					ProjectRef = C5C13E8D1F828403001E1476 /* MyLib.xcodeproj */;
				},
			);
			projectRoot = "";
			targets = (
				C50AAC291F813CA4004396F1 /* MyCocoaApp */,
			);
		};
/* End PBXProject section */

/* Begin PBXReferenceProxy section */
		C5C13E921F828403001E1476 /* libMyLib.a */ = {
			isa = PBXReferenceProxy;
			fileType = archive.ar;
			path = libMyLib.a;
			remoteRef = C5C13E911F828403001E1476 /* PBXContainerItemProxy */;
			sourceTree = BUILT_PRODUCTS_DIR;
		};
/* End PBXReferenceProxy section */

/* Begin PBXResourcesBuildPhase section */
		C50AAC281F813CA4004396F1 /* Resources */ = {
			isa = PBXResourcesBuildPhase;
			buildActionMask = 2147483647;
			files = (
				C50AAC341F813CA4004396F1 /* Assets.xcassets in Resources */,
				C50AAC371F813CA4004396F1 /* MainMenu.xib in Resources */,
			);
			runOnlyForDeploymentPostprocessing = 0;
		};
/* End PBXResourcesBuildPhase section */

/* Begin PBXSourcesBuildPhase section */
		C50AAC261F813CA4004396F1 /* Sources */ = {
			isa = PBXSourcesBuildPhase;
			buildActionMask = 2147483647;
			files = (
				C50AAC321F813CA4004396F1 /* main.m in Sources */,
				C50AAC2F1F813CA4004396F1 /* AppDelegate.m in Sources */,
			);
			runOnlyForDeploymentPostprocessing = 0;
		};
/* End PBXSourcesBuildPhase section */

/* Begin PBXVariantGroup section */
		C50AAC351F813CA4004396F1 /* MainMenu.xib */ = {
			isa = PBXVariantGroup;
			children = (
				C50AAC361F813CA4004396F1 /* Base */,
			);
			name = MainMenu.xib;
			sourceTree = "<group>";
		};
/* End PBXVariantGroup section */

/* Begin XCBuildConfiguration section */
		C50AAC391F813CA4004396F1 /* Debug */ = {
			isa = XCBuildConfiguration;
			buildSettings = {
				ALWAYS_SEARCH_USER_PATHS = NO;
				CLANG_ANALYZER_NONNULL = YES;
				CLANG_CXX_LANGUAGE_STANDARD = "gnu++0x";
				CLANG_CXX_LIBRARY = "libc++";
				CLANG_ENABLE_MODULES = YES;
				CLANG_ENABLE_OBJC_ARC = YES;
				CLANG_WARN_BOOL_CONVERSION = YES;
				CLANG_WARN_CONSTANT_CONVERSION = YES;
				CLANG_WARN_DIRECT_OBJC_ISA_USAGE = YES_ERROR;
				CLANG_WARN_DOCUMENTATION_COMMENTS = YES;
				CLANG_WARN_EMPTY_BODY = YES;
				CLANG_WARN_ENUM_CONVERSION = YES;
				CLANG_WARN_INFINITE_RECURSION = YES;
				CLANG_WARN_INT_CONVERSION = YES;
				CLANG_WARN_OBJC_ROOT_CLASS = YES_ERROR;
				CLANG_WARN_SUSPICIOUS_MOVE = YES;
				CLANG_WARN_UNREACHABLE_CODE = YES;
				CLANG_WARN__DUPLICATE_METHOD_MATCH = YES;
				CODE_SIGN_IDENTITY = "-";
				COPY_PHASE_STRIP = NO;
				DEBUG_INFORMATION_FORMAT = dwarf;
				ENABLE_STRICT_OBJC_MSGSEND = YES;
				ENABLE_TESTABILITY = YES;
				GCC_C_LANGUAGE_STANDARD = gnu99;
				GCC_DYNAMIC_NO_PIC = NO;
				GCC_NO_COMMON_BLOCKS = YES;
				GCC_OPTIMIZATION_LEVEL = 0;
				GCC_PREPROCESSOR_DEFINITIONS = (
					"DEBUG=1",
					"$(inherited)",
				);
				GCC_WARN_64_TO_32_BIT_CONVERSION = YES;
				GCC_WARN_ABOUT_RETURN_TYPE = YES_ERROR;
				GCC_WARN_UNDECLARED_SELECTOR = YES;
				GCC_WARN_UNINITIALIZED_AUTOS = YES_AGGRESSIVE;
				GCC_WARN_UNUSED_FUNCTION = YES;
				GCC_WARN_UNUSED_VARIABLE = YES;
				MACOSX_DEPLOYMENT_TARGET = 10.11;
				MTL_ENABLE_DEBUG_INFO = YES;
				ONLY_ACTIVE_ARCH = YES;
				SDKROOT = macosx;
			};
			name = Debug;
		};
		C50AAC3A1F813CA4004396F1 /* Release */ = {
			isa = XCBuildConfiguration;
			buildSettings = {
				ALWAYS_SEARCH_USER_PATHS = NO;
				CLANG_ANALYZER_NONNULL = YES;
				CLANG_CXX_LANGUAGE_STANDARD = "gnu++0x";
				CLANG_CXX_LIBRARY = "libc++";
				CLANG_ENABLE_MODULES = YES;
				CLANG_ENABLE_OBJC_ARC = YES;
				CLANG_WARN_BOOL_CONVERSION = YES;
				CLANG_WARN_CONSTANT_CONVERSION = YES;
				CLANG_WARN_DIRECT_OBJC_ISA_USAGE = YES_ERROR;
				CLANG_WARN_DOCUMENTATION_COMMENTS = YES;
				CLANG_WARN_EMPTY_BODY = YES;
				CLANG_WARN_ENUM_CONVERSION = YES;
				CLANG_WARN_INFINITE_RECURSION = YES;
				CLANG_WARN_INT_CONVERSION = YES;
				CLANG_WARN_OBJC_ROOT_CLASS = YES_ERROR;
				CLANG_WARN_SUSPICIOUS_MOVE = YES;
				CLANG_WARN_UNREACHABLE_CODE = YES;
				CLANG_WARN__DUPLICATE_METHOD_MATCH = YES;
				CODE_SIGN_IDENTITY = "-";
				COPY_PHASE_STRIP = NO;
				DEBUG_INFORMATION_FORMAT = "dwarf-with-dsym";
				ENABLE_NS_ASSERTIONS = NO;
				ENABLE_STRICT_OBJC_MSGSEND = YES;
				GCC_C_LANGUAGE_STANDARD = gnu99;
				GCC_NO_COMMON_BLOCKS = YES;
				GCC_WARN_64_TO_32_BIT_CONVERSION = YES;
				GCC_WARN_ABOUT_RETURN_TYPE = YES_ERROR;
				GCC_WARN_UNDECLARED_SELECTOR = YES;
				GCC_WARN_UNINITIALIZED_AUTOS = YES_AGGRESSIVE;
				GCC_WARN_UNUSED_FUNCTION = YES;
				GCC_WARN_UNUSED_VARIABLE = YES;
				MACOSX_DEPLOYMENT_TARGET = 10.11;
				MTL_ENABLE_DEBUG_INFO = NO;
				SDKROOT = macosx;
			};
			name = Release;
		};
		C50AAC3C1F813CA4004396F1 /* Debug */ = {
			isa = XCBuildConfiguration;
			buildSettings = {
				ASSETCATALOG_COMPILER_APPICON_NAME = AppIcon;
				COMBINE_HIDPI_IMAGES = YES;
				INFOPLIST_FILE = MyCocoaApp/Info.plist;
				LD_RUNPATH_SEARCH_PATHS = "$(inherited) @executable_path/../Frameworks";
				PRODUCT_BUNDLE_IDENTIFIER = org.MyCocoaApp;
				PRODUCT_NAME = "$(TARGET_NAME)";
			};
			name = Debug;
		};
		C50AAC3D1F813CA4004396F1 /* Release */ = {
			isa = XCBuildConfiguration;
			buildSettings = {
				ASSETCATALOG_COMPILER_APPICON_NAME = AppIcon;
				COMBINE_HIDPI_IMAGES = YES;
				INFOPLIST_FILE = MyCocoaApp/Info.plist;
				LD_RUNPATH_SEARCH_PATHS = "$(inherited) @executable_path/../Frameworks";
				PRODUCT_BUNDLE_IDENTIFIER = org.MyCocoaApp;
				PRODUCT_NAME = "$(TARGET_NAME)";
			};
			name = Release;
		};
/* End XCBuildConfiguration section */

/* Begin XCConfigurationList section */
		C50AAC251F813CA4004396F1 /* Build configuration list for PBXProject "MyCocoaApp" */ = {
			isa = XCConfigurationList;
			buildConfigurations = (
				C50AAC391F813CA4004396F1 /* Debug */,
				C50AAC3A1F813CA4004396F1 /* Release */,
			);
			defaultConfigurationIsVisible = 0;
			defaultConfigurationName = Release;
		};
		C50AAC3B1F813CA4004396F1 /* Build configuration list for PBXNativeTarget "MyCocoaApp" */ = {
			isa = XCConfigurationList;
			buildConfigurations = (
				C50AAC3C1F813CA4004396F1 /* Debug */,
				C50AAC3D1F813CA4004396F1 /* Release */,
			);
			defaultConfigurationIsVisible = 0;
			defaultConfigurationName = Release;
		};
/* End XCConfigurationList section */
	};
	rootObject = C50AAC221F813CA4004396F1 /* Project object */;
}
